// !$*UTF8*$!
{
	archiveVersion = 1;
	classes = {
	};
	objectVersion = 55;
	objects = {

/* Begin PBXBuildFile section */
		980D11D327FD56770009F772 /* Login.storyboard in Resources */ = {isa = PBXBuildFile; fileRef = 980D11D227FD56770009F772 /* Login.storyboard */; };
		980D11D527FD567D0009F772 /* LoginViewController.swift in Sources */ = {isa = PBXBuildFile; fileRef = 980D11D427FD567D0009F772 /* LoginViewController.swift */; };
		980D11D827FD56910009F772 /* Join.storyboard in Resources */ = {isa = PBXBuildFile; fileRef = 980D11D727FD56910009F772 /* Join.storyboard */; };
		980D11DD27FD57D30009F772 /* Complete.storyboard in Resources */ = {isa = PBXBuildFile; fileRef = 980D11DC27FD57D30009F772 /* Complete.storyboard */; };
		980D11DF27FD57DA0009F772 /* CompleteViewController.swift in Sources */ = {isa = PBXBuildFile; fileRef = 980D11DE27FD57DA0009F772 /* CompleteViewController.swift */; };
		985946A527FA7E5C00F7610D /* AppDelegate.swift in Sources */ = {isa = PBXBuildFile; fileRef = 985946A427FA7E5C00F7610D /* AppDelegate.swift */; };
		985946A727FA7E5C00F7610D /* SceneDelegate.swift in Sources */ = {isa = PBXBuildFile; fileRef = 985946A627FA7E5C00F7610D /* SceneDelegate.swift */; };
		985946AC27FA7E5C00F7610D /* Main.storyboard in Resources */ = {isa = PBXBuildFile; fileRef = 985946AA27FA7E5C00F7610D /* Main.storyboard */; };
		985946AE27FA7E5C00F7610D /* Assets.xcassets in Resources */ = {isa = PBXBuildFile; fileRef = 985946AD27FA7E5C00F7610D /* Assets.xcassets */; };
		985946B127FA7E5C00F7610D /* LaunchScreen.storyboard in Resources */ = {isa = PBXBuildFile; fileRef = 985946AF27FA7E5C00F7610D /* LaunchScreen.storyboard */; };
		986168C12805B27D00A8859F /* Const.swift in Sources */ = {isa = PBXBuildFile; fileRef = 986168C02805B27D00A8859F /* Const.swift */; };
		986168C32805B28A00A8859F /* Image.swift in Sources */ = {isa = PBXBuildFile; fileRef = 986168C22805B28A00A8859F /* Image.swift */; };
		986168C52805B29100A8859F /* Storyboard.swift in Sources */ = {isa = PBXBuildFile; fileRef = 986168C42805B29100A8859F /* Storyboard.swift */; };
		986168C72805B29600A8859F /* ViewController.swift in Sources */ = {isa = PBXBuildFile; fileRef = 986168C62805B29600A8859F /* ViewController.swift */; };
		98967EF927FD5EB60031138C /* JoinNameViewController.swift in Sources */ = {isa = PBXBuildFile; fileRef = 98967EF827FD5EB60031138C /* JoinNameViewController.swift */; };
		98967EFB27FD5ECE0031138C /* JoinPasswordViewController.swift in Sources */ = {isa = PBXBuildFile; fileRef = 98967EFA27FD5ECE0031138C /* JoinPasswordViewController.swift */; };
		98A0CD8428097694009609C1 /* UILabel+.swift in Sources */ = {isa = PBXBuildFile; fileRef = 98A0CD8328097694009609C1 /* UILabel+.swift */; };
		98BE769C2809D37C0067D688 /* UIViewController+.swift in Sources */ = {isa = PBXBuildFile; fileRef = 98BE769B2809D37C0067D688 /* UIViewController+.swift */; };
		98FAA817280934B5000749D2 /* Home.storyboard in Resources */ = {isa = PBXBuildFile; fileRef = 98FAA816280934B5000749D2 /* Home.storyboard */; };
		98FAA819280934C2000749D2 /* Search.storyboard in Resources */ = {isa = PBXBuildFile; fileRef = 98FAA818280934C2000749D2 /* Search.storyboard */; };
		98FAA81B2809351D000749D2 /* Reels.storyboard in Resources */ = {isa = PBXBuildFile; fileRef = 98FAA81A2809351D000749D2 /* Reels.storyboard */; };
		98FAA81D28093528000749D2 /* Shop.storyboard in Resources */ = {isa = PBXBuildFile; fileRef = 98FAA81C28093528000749D2 /* Shop.storyboard */; };
		98FAA81F28093531000749D2 /* MyPage.storyboard in Resources */ = {isa = PBXBuildFile; fileRef = 98FAA81E28093531000749D2 /* MyPage.storyboard */; };
		98FAA821280935F0000749D2 /* MainTabbarController.swift in Sources */ = {isa = PBXBuildFile; fileRef = 98FAA820280935F0000749D2 /* MainTabbarController.swift */; };
		98FAA82328093696000749D2 /* HomeViewController.swift in Sources */ = {isa = PBXBuildFile; fileRef = 98FAA82228093696000749D2 /* HomeViewController.swift */; };
		98FAA825280936B0000749D2 /* SearchViewController.swift in Sources */ = {isa = PBXBuildFile; fileRef = 98FAA824280936B0000749D2 /* SearchViewController.swift */; };
		98FAA827280936BF000749D2 /* ReelsViewController.swift in Sources */ = {isa = PBXBuildFile; fileRef = 98FAA826280936BF000749D2 /* ReelsViewController.swift */; };
		98FAA829280936CC000749D2 /* ShopViewController.swift in Sources */ = {isa = PBXBuildFile; fileRef = 98FAA828280936CC000749D2 /* ShopViewController.swift */; };
		98FAA82B280936E5000749D2 /* MyPageViewController.swift in Sources */ = {isa = PBXBuildFile; fileRef = 98FAA82A280936E5000749D2 /* MyPageViewController.swift */; };
/* End PBXBuildFile section */

/* Begin PBXFileReference section */
		980D11D227FD56770009F772 /* Login.storyboard */ = {isa = PBXFileReference; lastKnownFileType = file.storyboard; path = Login.storyboard; sourceTree = "<group>"; };
		980D11D427FD567D0009F772 /* LoginViewController.swift */ = {isa = PBXFileReference; lastKnownFileType = sourcecode.swift; path = LoginViewController.swift; sourceTree = "<group>"; };
		980D11D727FD56910009F772 /* Join.storyboard */ = {isa = PBXFileReference; lastKnownFileType = file.storyboard; path = Join.storyboard; sourceTree = "<group>"; };
		980D11DC27FD57D30009F772 /* Complete.storyboard */ = {isa = PBXFileReference; lastKnownFileType = file.storyboard; path = Complete.storyboard; sourceTree = "<group>"; };
		980D11DE27FD57DA0009F772 /* CompleteViewController.swift */ = {isa = PBXFileReference; lastKnownFileType = sourcecode.swift; path = CompleteViewController.swift; sourceTree = "<group>"; };
		985946A127FA7E5C00F7610D /* assignment.app */ = {isa = PBXFileReference; explicitFileType = wrapper.application; includeInIndex = 0; path = assignment.app; sourceTree = BUILT_PRODUCTS_DIR; };
		985946A427FA7E5C00F7610D /* AppDelegate.swift */ = {isa = PBXFileReference; lastKnownFileType = sourcecode.swift; path = AppDelegate.swift; sourceTree = "<group>"; };
		985946A627FA7E5C00F7610D /* SceneDelegate.swift */ = {isa = PBXFileReference; lastKnownFileType = sourcecode.swift; path = SceneDelegate.swift; sourceTree = "<group>"; };
		985946AB27FA7E5C00F7610D /* Base */ = {isa = PBXFileReference; lastKnownFileType = file.storyboard; name = Base; path = Base.lproj/Main.storyboard; sourceTree = "<group>"; };
		985946AD27FA7E5C00F7610D /* Assets.xcassets */ = {isa = PBXFileReference; lastKnownFileType = folder.assetcatalog; path = Assets.xcassets; sourceTree = "<group>"; };
		985946B027FA7E5C00F7610D /* Base */ = {isa = PBXFileReference; lastKnownFileType = file.storyboard; name = Base; path = Base.lproj/LaunchScreen.storyboard; sourceTree = "<group>"; };
		985946B227FA7E5C00F7610D /* Info.plist */ = {isa = PBXFileReference; lastKnownFileType = text.plist.xml; path = Info.plist; sourceTree = "<group>"; };
		986168C02805B27D00A8859F /* Const.swift */ = {isa = PBXFileReference; lastKnownFileType = sourcecode.swift; path = Const.swift; sourceTree = "<group>"; };
		986168C22805B28A00A8859F /* Image.swift */ = {isa = PBXFileReference; lastKnownFileType = sourcecode.swift; path = Image.swift; sourceTree = "<group>"; };
		986168C42805B29100A8859F /* Storyboard.swift */ = {isa = PBXFileReference; lastKnownFileType = sourcecode.swift; path = Storyboard.swift; sourceTree = "<group>"; };
		986168C62805B29600A8859F /* ViewController.swift */ = {isa = PBXFileReference; lastKnownFileType = sourcecode.swift; path = ViewController.swift; sourceTree = "<group>"; };
		98967EF827FD5EB60031138C /* JoinNameViewController.swift */ = {isa = PBXFileReference; lastKnownFileType = sourcecode.swift; path = JoinNameViewController.swift; sourceTree = "<group>"; };
		98967EFA27FD5ECE0031138C /* JoinPasswordViewController.swift */ = {isa = PBXFileReference; lastKnownFileType = sourcecode.swift; path = JoinPasswordViewController.swift; sourceTree = "<group>"; };
		98A0CD8328097694009609C1 /* UILabel+.swift */ = {isa = PBXFileReference; lastKnownFileType = sourcecode.swift; path = "UILabel+.swift"; sourceTree = "<group>"; };
		98BE769B2809D37C0067D688 /* UIViewController+.swift */ = {isa = PBXFileReference; lastKnownFileType = sourcecode.swift; path = "UIViewController+.swift"; sourceTree = "<group>"; };
		98FAA816280934B5000749D2 /* Home.storyboard */ = {isa = PBXFileReference; lastKnownFileType = file.storyboard; path = Home.storyboard; sourceTree = "<group>"; };
		98FAA818280934C2000749D2 /* Search.storyboard */ = {isa = PBXFileReference; lastKnownFileType = file.storyboard; path = Search.storyboard; sourceTree = "<group>"; };
		98FAA81A2809351D000749D2 /* Reels.storyboard */ = {isa = PBXFileReference; lastKnownFileType = file.storyboard; path = Reels.storyboard; sourceTree = "<group>"; };
		98FAA81C28093528000749D2 /* Shop.storyboard */ = {isa = PBXFileReference; lastKnownFileType = file.storyboard; path = Shop.storyboard; sourceTree = "<group>"; };
		98FAA81E28093531000749D2 /* MyPage.storyboard */ = {isa = PBXFileReference; lastKnownFileType = file.storyboard; path = MyPage.storyboard; sourceTree = "<group>"; };
		98FAA820280935F0000749D2 /* MainTabbarController.swift */ = {isa = PBXFileReference; lastKnownFileType = sourcecode.swift; path = MainTabbarController.swift; sourceTree = "<group>"; };
		98FAA82228093696000749D2 /* HomeViewController.swift */ = {isa = PBXFileReference; lastKnownFileType = sourcecode.swift; path = HomeViewController.swift; sourceTree = "<group>"; };
		98FAA824280936B0000749D2 /* SearchViewController.swift */ = {isa = PBXFileReference; lastKnownFileType = sourcecode.swift; path = SearchViewController.swift; sourceTree = "<group>"; };
		98FAA826280936BF000749D2 /* ReelsViewController.swift */ = {isa = PBXFileReference; lastKnownFileType = sourcecode.swift; path = ReelsViewController.swift; sourceTree = "<group>"; };
		98FAA828280936CC000749D2 /* ShopViewController.swift */ = {isa = PBXFileReference; lastKnownFileType = sourcecode.swift; path = ShopViewController.swift; sourceTree = "<group>"; };
		98FAA82A280936E5000749D2 /* MyPageViewController.swift */ = {isa = PBXFileReference; lastKnownFileType = sourcecode.swift; path = MyPageViewController.swift; sourceTree = "<group>"; };
/* End PBXFileReference section */

/* Begin PBXFrameworksBuildPhase section */
		9859469E27FA7E5C00F7610D /* Frameworks */ = {
			isa = PBXFrameworksBuildPhase;
			buildActionMask = 2147483647;
			files = (
			);
			runOnlyForDeploymentPostprocessing = 0;
		};
/* End PBXFrameworksBuildPhase section */

/* Begin PBXGroup section */
		980D11CA27FD55130009F772 /* Supports */ = {
			isa = PBXGroup;
			children = (
				985946AF27FA7E5C00F7610D /* LaunchScreen.storyboard */,
				985946A427FA7E5C00F7610D /* AppDelegate.swift */,
				985946A627FA7E5C00F7610D /* SceneDelegate.swift */,
			);
			path = Supports;
			sourceTree = "<group>";
		};
		980D11CB27FD55380009F772 /* Scene */ = {
			isa = PBXGroup;
			children = (
				980D11D127FD56700009F772 /* Login */,
				980D11D627FD56890009F772 /* Join */,
				980D11DB27FD57C90009F772 /* Complete */,
				98FAA8112809347B000749D2 /* Home */,
				98FAA8122809347F000749D2 /* Search */,
				98FAA81328093483000749D2 /* Reels */,
				98FAA81428093489000749D2 /* Shop */,
				98FAA8152809348D000749D2 /* MyPage */,
				985946AA27FA7E5C00F7610D /* Main.storyboard */,
				98FAA820280935F0000749D2 /* MainTabbarController.swift */,
			);
			path = Scene;
			sourceTree = "<group>";
		};
		980D11D127FD56700009F772 /* Login */ = {
			isa = PBXGroup;
			children = (
				980D11D227FD56770009F772 /* Login.storyboard */,
				980D11D427FD567D0009F772 /* LoginViewController.swift */,
			);
			path = Login;
			sourceTree = "<group>";
		};
		980D11D627FD56890009F772 /* Join */ = {
			isa = PBXGroup;
			children = (
				980D11D727FD56910009F772 /* Join.storyboard */,
				98967EF827FD5EB60031138C /* JoinNameViewController.swift */,
				98967EFA27FD5ECE0031138C /* JoinPasswordViewController.swift */,
			);
			path = Join;
			sourceTree = "<group>";
		};
		980D11DB27FD57C90009F772 /* Complete */ = {
			isa = PBXGroup;
			children = (
				980D11DC27FD57D30009F772 /* Complete.storyboard */,
				980D11DE27FD57DA0009F772 /* CompleteViewController.swift */,
			);
			path = Complete;
			sourceTree = "<group>";
		};
		9859469827FA7E5C00F7610D = {
			isa = PBXGroup;
			children = (
				985946A327FA7E5C00F7610D /* assignment */,
				985946A227FA7E5C00F7610D /* Products */,
			);
			sourceTree = "<group>";
		};
		985946A227FA7E5C00F7610D /* Products */ = {
			isa = PBXGroup;
			children = (
				985946A127FA7E5C00F7610D /* assignment.app */,
			);
			name = Products;
			sourceTree = "<group>";
		};
		985946A327FA7E5C00F7610D /* assignment */ = {
			isa = PBXGroup;
			children = (
				986168BD2805B22200A8859F /* Configuration */,
				980D11CB27FD55380009F772 /* Scene */,
				985946B227FA7E5C00F7610D /* Info.plist */,
			);
			path = assignment;
			sourceTree = "<group>";
		};
		986168BD2805B22200A8859F /* Configuration */ = {
			isa = PBXGroup;
			children = (
				980D11CA27FD55130009F772 /* Supports */,
				986168BF2805B26800A8859F /* Resources */,
				986168BE2805B25500A8859F /* Const */,
				98A0CD8228097455009609C1 /* AppExtension */,
			);
			path = Configuration;
			sourceTree = "<group>";
		};
		986168BE2805B25500A8859F /* Const */ = {
			isa = PBXGroup;
			children = (
				986168C02805B27D00A8859F /* Const.swift */,
				986168C22805B28A00A8859F /* Image.swift */,
				986168C42805B29100A8859F /* Storyboard.swift */,
				986168C62805B29600A8859F /* ViewController.swift */,
			);
			path = Const;
			sourceTree = "<group>";
		};
		986168BF2805B26800A8859F /* Resources */ = {
			isa = PBXGroup;
			children = (
				985946AD27FA7E5C00F7610D /* Assets.xcassets */,
			);
			path = Resources;
			sourceTree = "<group>";
		};
		98A0CD8228097455009609C1 /* AppExtension */ = {
			isa = PBXGroup;
			children = (
				98A0CD8328097694009609C1 /* UILabel+.swift */,
				98BE769B2809D37C0067D688 /* UIViewController+.swift */,
			);
			path = AppExtension;
			sourceTree = "<group>";
		};
		98FAA8112809347B000749D2 /* Home */ = {
			isa = PBXGroup;
			children = (
				98FAA816280934B5000749D2 /* Home.storyboard */,
				98FAA82228093696000749D2 /* HomeViewController.swift */,
			);
			path = Home;
			sourceTree = "<group>";
		};
		98FAA8122809347F000749D2 /* Search */ = {
			isa = PBXGroup;
			children = (
				98FAA818280934C2000749D2 /* Search.storyboard */,
				98FAA824280936B0000749D2 /* SearchViewController.swift */,
			);
			path = Search;
			sourceTree = "<group>";
		};
		98FAA81328093483000749D2 /* Reels */ = {
			isa = PBXGroup;
			children = (
				98FAA81A2809351D000749D2 /* Reels.storyboard */,
				98FAA826280936BF000749D2 /* ReelsViewController.swift */,
			);
			path = Reels;
			sourceTree = "<group>";
		};
		98FAA81428093489000749D2 /* Shop */ = {
			isa = PBXGroup;
			children = (
				98FAA81C28093528000749D2 /* Shop.storyboard */,
				98FAA828280936CC000749D2 /* ShopViewController.swift */,
			);
			path = Shop;
			sourceTree = "<group>";
		};
		98FAA8152809348D000749D2 /* MyPage */ = {
			isa = PBXGroup;
			children = (
				98FAA81E28093531000749D2 /* MyPage.storyboard */,
				98FAA82A280936E5000749D2 /* MyPageViewController.swift */,
			);
			path = MyPage;
			sourceTree = "<group>";
		};
/* End PBXGroup section */

/* Begin PBXNativeTarget section */
		985946A027FA7E5C00F7610D /* assignment */ = {
			isa = PBXNativeTarget;
			buildConfigurationList = 985946B527FA7E5C00F7610D /* Build configuration list for PBXNativeTarget "assignment" */;
			buildPhases = (
				9859469D27FA7E5C00F7610D /* Sources */,
				9859469E27FA7E5C00F7610D /* Frameworks */,
				9859469F27FA7E5C00F7610D /* Resources */,
			);
			buildRules = (
			);
			dependencies = (
			);
			name = assignment;
			productName = assignment;
			productReference = 985946A127FA7E5C00F7610D /* assignment.app */;
			productType = "com.apple.product-type.application";
		};
/* End PBXNativeTarget section */

/* Begin PBXProject section */
		9859469927FA7E5C00F7610D /* Project object */ = {
			isa = PBXProject;
			attributes = {
				BuildIndependentTargetsInParallel = 1;
				LastSwiftUpdateCheck = 1330;
				LastUpgradeCheck = 1330;
				TargetAttributes = {
					985946A027FA7E5C00F7610D = {
						CreatedOnToolsVersion = 13.3;
					};
				};
			};
			buildConfigurationList = 9859469C27FA7E5C00F7610D /* Build configuration list for PBXProject "assignment" */;
			compatibilityVersion = "Xcode 13.0";
			developmentRegion = en;
			hasScannedForEncodings = 0;
			knownRegions = (
				en,
				Base,
			);
			mainGroup = 9859469827FA7E5C00F7610D;
			productRefGroup = 985946A227FA7E5C00F7610D /* Products */;
			projectDirPath = "";
			projectRoot = "";
			targets = (
				985946A027FA7E5C00F7610D /* assignment */,
			);
		};
/* End PBXProject section */

/* Begin PBXResourcesBuildPhase section */
		9859469F27FA7E5C00F7610D /* Resources */ = {
			isa = PBXResourcesBuildPhase;
			buildActionMask = 2147483647;
			files = (
				98FAA81D28093528000749D2 /* Shop.storyboard in Resources */,
				98FAA817280934B5000749D2 /* Home.storyboard in Resources */,
				980D11D327FD56770009F772 /* Login.storyboard in Resources */,
				980D11DD27FD57D30009F772 /* Complete.storyboard in Resources */,
				985946B127FA7E5C00F7610D /* LaunchScreen.storyboard in Resources */,
				985946AE27FA7E5C00F7610D /* Assets.xcassets in Resources */,
				98FAA81F28093531000749D2 /* MyPage.storyboard in Resources */,
				985946AC27FA7E5C00F7610D /* Main.storyboard in Resources */,
				98FAA819280934C2000749D2 /* Search.storyboard in Resources */,
				98FAA81B2809351D000749D2 /* Reels.storyboard in Resources */,
				980D11D827FD56910009F772 /* Join.storyboard in Resources */,
			);
			runOnlyForDeploymentPostprocessing = 0;
		};
/* End PBXResourcesBuildPhase section */

/* Begin PBXSourcesBuildPhase section */
		9859469D27FA7E5C00F7610D /* Sources */ = {
			isa = PBXSourcesBuildPhase;
			buildActionMask = 2147483647;
			files = (
				980D11D527FD567D0009F772 /* LoginViewController.swift in Sources */,
				986168C32805B28A00A8859F /* Image.swift in Sources */,
				98FAA829280936CC000749D2 /* ShopViewController.swift in Sources */,
				98967EFB27FD5ECE0031138C /* JoinPasswordViewController.swift in Sources */,
				986168C72805B29600A8859F /* ViewController.swift in Sources */,
				98FAA827280936BF000749D2 /* ReelsViewController.swift in Sources */,
				98A0CD8428097694009609C1 /* UILabel+.swift in Sources */,
				985946A527FA7E5C00F7610D /* AppDelegate.swift in Sources */,
				98FAA82B280936E5000749D2 /* MyPageViewController.swift in Sources */,
				985946A727FA7E5C00F7610D /* SceneDelegate.swift in Sources */,
				98FAA821280935F0000749D2 /* MainTabbarController.swift in Sources */,
				986168C52805B29100A8859F /* Storyboard.swift in Sources */,
				98FAA825280936B0000749D2 /* SearchViewController.swift in Sources */,
				986168C12805B27D00A8859F /* Const.swift in Sources */,
				98BE769C2809D37C0067D688 /* UIViewController+.swift in Sources */,
				980D11DF27FD57DA0009F772 /* CompleteViewController.swift in Sources */,
				98967EF927FD5EB60031138C /* JoinNameViewController.swift in Sources */,
				98FAA82328093696000749D2 /* HomeViewController.swift in Sources */,
			);
			runOnlyForDeploymentPostprocessing = 0;
		};
/* End PBXSourcesBuildPhase section */

/* Begin PBXVariantGroup section */
		985946AA27FA7E5C00F7610D /* Main.storyboard */ = {
			isa = PBXVariantGroup;
			children = (
				985946AB27FA7E5C00F7610D /* Base */,
			);
			name = Main.storyboard;
			sourceTree = "<group>";
		};
		985946AF27FA7E5C00F7610D /* LaunchScreen.storyboard */ = {
			isa = PBXVariantGroup;
			children = (
				985946B027FA7E5C00F7610D /* Base */,
			);
			name = LaunchScreen.storyboard;
			sourceTree = "<group>";
		};
/* End PBXVariantGroup section */

/* Begin XCBuildConfiguration section */
		985946B327FA7E5C00F7610D /* Debug */ = {
			isa = XCBuildConfiguration;
			buildSettings = {
				ALWAYS_SEARCH_USER_PATHS = NO;
				CLANG_ANALYZER_NONNULL = YES;
				CLANG_ANALYZER_NUMBER_OBJECT_CONVERSION = YES_AGGRESSIVE;
				CLANG_CXX_LANGUAGE_STANDARD = "gnu++17";
				CLANG_ENABLE_MODULES = YES;
				CLANG_ENABLE_OBJC_ARC = YES;
				CLANG_ENABLE_OBJC_WEAK = YES;
				CLANG_WARN_BLOCK_CAPTURE_AUTORELEASING = YES;
				CLANG_WARN_BOOL_CONVERSION = YES;
				CLANG_WARN_COMMA = YES;
				CLANG_WARN_CONSTANT_CONVERSION = YES;
				CLANG_WARN_DEPRECATED_OBJC_IMPLEMENTATIONS = YES;
				CLANG_WARN_DIRECT_OBJC_ISA_USAGE = YES_ERROR;
				CLANG_WARN_DOCUMENTATION_COMMENTS = YES;
				CLANG_WARN_EMPTY_BODY = YES;
				CLANG_WARN_ENUM_CONVERSION = YES;
				CLANG_WARN_INFINITE_RECURSION = YES;
				CLANG_WARN_INT_CONVERSION = YES;
				CLANG_WARN_NON_LITERAL_NULL_CONVERSION = YES;
				CLANG_WARN_OBJC_IMPLICIT_RETAIN_SELF = YES;
				CLANG_WARN_OBJC_LITERAL_CONVERSION = YES;
				CLANG_WARN_OBJC_ROOT_CLASS = YES_ERROR;
				CLANG_WARN_QUOTED_INCLUDE_IN_FRAMEWORK_HEADER = YES;
				CLANG_WARN_RANGE_LOOP_ANALYSIS = YES;
				CLANG_WARN_STRICT_PROTOTYPES = YES;
				CLANG_WARN_SUSPICIOUS_MOVE = YES;
				CLANG_WARN_UNGUARDED_AVAILABILITY = YES_AGGRESSIVE;
				CLANG_WARN_UNREACHABLE_CODE = YES;
				CLANG_WARN__DUPLICATE_METHOD_MATCH = YES;
				COPY_PHASE_STRIP = NO;
				DEBUG_INFORMATION_FORMAT = dwarf;
				ENABLE_STRICT_OBJC_MSGSEND = YES;
				ENABLE_TESTABILITY = YES;
				GCC_C_LANGUAGE_STANDARD = gnu11;
				GCC_DYNAMIC_NO_PIC = NO;
				GCC_NO_COMMON_BLOCKS = YES;
				GCC_OPTIMIZATION_LEVEL = 0;
				GCC_PREPROCESSOR_DEFINITIONS = (
					"DEBUG=1",
					"$(inherited)",
				);
				GCC_WARN_64_TO_32_BIT_CONVERSION = YES;
				GCC_WARN_ABOUT_RETURN_TYPE = YES_ERROR;
				GCC_WARN_UNDECLARED_SELECTOR = YES;
				GCC_WARN_UNINITIALIZED_AUTOS = YES_AGGRESSIVE;
				GCC_WARN_UNUSED_FUNCTION = YES;
				GCC_WARN_UNUSED_VARIABLE = YES;
				IPHONEOS_DEPLOYMENT_TARGET = 15.4;
				MTL_ENABLE_DEBUG_INFO = INCLUDE_SOURCE;
				MTL_FAST_MATH = YES;
				ONLY_ACTIVE_ARCH = YES;
				SDKROOT = iphoneos;
				SWIFT_ACTIVE_COMPILATION_CONDITIONS = DEBUG;
				SWIFT_OPTIMIZATION_LEVEL = "-Onone";
			};
			name = Debug;
		};
		985946B427FA7E5C00F7610D /* Release */ = {
			isa = XCBuildConfiguration;
			buildSettings = {
				ALWAYS_SEARCH_USER_PATHS = NO;
				CLANG_ANALYZER_NONNULL = YES;
				CLANG_ANALYZER_NUMBER_OBJECT_CONVERSION = YES_AGGRESSIVE;
				CLANG_CXX_LANGUAGE_STANDARD = "gnu++17";
				CLANG_ENABLE_MODULES = YES;
				CLANG_ENABLE_OBJC_ARC = YES;
				CLANG_ENABLE_OBJC_WEAK = YES;
				CLANG_WARN_BLOCK_CAPTURE_AUTORELEASING = YES;
				CLANG_WARN_BOOL_CONVERSION = YES;
				CLANG_WARN_COMMA = YES;
				CLANG_WARN_CONSTANT_CONVERSION = YES;
				CLANG_WARN_DEPRECATED_OBJC_IMPLEMENTATIONS = YES;
				CLANG_WARN_DIRECT_OBJC_ISA_USAGE = YES_ERROR;
				CLANG_WARN_DOCUMENTATION_COMMENTS = YES;
				CLANG_WARN_EMPTY_BODY = YES;
				CLANG_WARN_ENUM_CONVERSION = YES;
				CLANG_WARN_INFINITE_RECURSION = YES;
				CLANG_WARN_INT_CONVERSION = YES;
				CLANG_WARN_NON_LITERAL_NULL_CONVERSION = YES;
				CLANG_WARN_OBJC_IMPLICIT_RETAIN_SELF = YES;
				CLANG_WARN_OBJC_LITERAL_CONVERSION = YES;
				CLANG_WARN_OBJC_ROOT_CLASS = YES_ERROR;
				CLANG_WARN_QUOTED_INCLUDE_IN_FRAMEWORK_HEADER = YES;
				CLANG_WARN_RANGE_LOOP_ANALYSIS = YES;
				CLANG_WARN_STRICT_PROTOTYPES = YES;
				CLANG_WARN_SUSPICIOUS_MOVE = YES;
				CLANG_WARN_UNGUARDED_AVAILABILITY = YES_AGGRESSIVE;
				CLANG_WARN_UNREACHABLE_CODE = YES;
				CLANG_WARN__DUPLICATE_METHOD_MATCH = YES;
				COPY_PHASE_STRIP = NO;
				DEBUG_INFORMATION_FORMAT = "dwarf-with-dsym";
				ENABLE_NS_ASSERTIONS = NO;
				ENABLE_STRICT_OBJC_MSGSEND = YES;
				GCC_C_LANGUAGE_STANDARD = gnu11;
				GCC_NO_COMMON_BLOCKS = YES;
				GCC_WARN_64_TO_32_BIT_CONVERSION = YES;
				GCC_WARN_ABOUT_RETURN_TYPE = YES_ERROR;
				GCC_WARN_UNDECLARED_SELECTOR = YES;
				GCC_WARN_UNINITIALIZED_AUTOS = YES_AGGRESSIVE;
				GCC_WARN_UNUSED_FUNCTION = YES;
				GCC_WARN_UNUSED_VARIABLE = YES;
				IPHONEOS_DEPLOYMENT_TARGET = 15.4;
				MTL_ENABLE_DEBUG_INFO = NO;
				MTL_FAST_MATH = YES;
				SDKROOT = iphoneos;
				SWIFT_COMPILATION_MODE = wholemodule;
				SWIFT_OPTIMIZATION_LEVEL = "-O";
				VALIDATE_PRODUCT = YES;
			};
			name = Release;
		};
		985946B627FA7E5C00F7610D /* Debug */ = {
			isa = XCBuildConfiguration;
			buildSettings = {
				ASSETCATALOG_COMPILER_APPICON_NAME = AppIcon;
				ASSETCATALOG_COMPILER_GLOBAL_ACCENT_COLOR_NAME = AccentColor;
				CODE_SIGN_STYLE = Automatic;
				CURRENT_PROJECT_VERSION = 1;
				DEVELOPMENT_TEAM = 8NF6HGMH4B;
				GENERATE_INFOPLIST_FILE = YES;
				INFOPLIST_FILE = assignment/Info.plist;
				INFOPLIST_KEY_UIApplicationSupportsIndirectInputEvents = YES;
				INFOPLIST_KEY_UILaunchStoryboardName = LaunchScreen;
				INFOPLIST_KEY_UIMainStoryboardFile = Main;
				INFOPLIST_KEY_UISupportedInterfaceOrientations_iPad = "UIInterfaceOrientationPortrait UIInterfaceOrientationPortraitUpsideDown UIInterfaceOrientationLandscapeLeft UIInterfaceOrientationLandscapeRight";
				INFOPLIST_KEY_UISupportedInterfaceOrientations_iPhone = "UIInterfaceOrientationPortrait UIInterfaceOrientationLandscapeLeft UIInterfaceOrientationLandscapeRight";
				LD_RUNPATH_SEARCH_PATHS = (
					"$(inherited)",
					"@executable_path/Frameworks",
				);
				MARKETING_VERSION = 1.0;
				PRODUCT_BUNDLE_IDENTIFIER = meenyweeny.assignment;
				PRODUCT_NAME = "$(TARGET_NAME)";
				SWIFT_EMIT_LOC_STRINGS = YES;
				SWIFT_VERSION = 5.0;
				TARGETED_DEVICE_FAMILY = "1,2";
			};
			name = Debug;
		};
		985946B727FA7E5C00F7610D /* Release */ = {
			isa = XCBuildConfiguration;
			buildSettings = {
				ASSETCATALOG_COMPILER_APPICON_NAME = AppIcon;
				ASSETCATALOG_COMPILER_GLOBAL_ACCENT_COLOR_NAME = AccentColor;
				CODE_SIGN_STYLE = Automatic;
				CURRENT_PROJECT_VERSION = 1;
				DEVELOPMENT_TEAM = 8NF6HGMH4B;
				GENERATE_INFOPLIST_FILE = YES;
				INFOPLIST_FILE = assignment/Info.plist;
				INFOPLIST_KEY_UIApplicationSupportsIndirectInputEvents = YES;
				INFOPLIST_KEY_UILaunchStoryboardName = LaunchScreen;
				INFOPLIST_KEY_UIMainStoryboardFile = Main;
				INFOPLIST_KEY_UISupportedInterfaceOrientations_iPad = "UIInterfaceOrientationPortrait UIInterfaceOrientationPortraitUpsideDown UIInterfaceOrientationLandscapeLeft UIInterfaceOrientationLandscapeRight";
				INFOPLIST_KEY_UISupportedInterfaceOrientations_iPhone = "UIInterfaceOrientationPortrait UIInterfaceOrientationLandscapeLeft UIInterfaceOrientationLandscapeRight";
				LD_RUNPATH_SEARCH_PATHS = (
					"$(inherited)",
					"@executable_path/Frameworks",
				);
				MARKETING_VERSION = 1.0;
				PRODUCT_BUNDLE_IDENTIFIER = meenyweeny.assignment;
				PRODUCT_NAME = "$(TARGET_NAME)";
				SWIFT_EMIT_LOC_STRINGS = YES;
				SWIFT_VERSION = 5.0;
				TARGETED_DEVICE_FAMILY = "1,2";
			};
			name = Release;
		};
/* End XCBuildConfiguration section */

/* Begin XCConfigurationList section */
		9859469C27FA7E5C00F7610D /* Build configuration list for PBXProject "assignment" */ = {
			isa = XCConfigurationList;
			buildConfigurations = (
				985946B327FA7E5C00F7610D /* Debug */,
				985946B427FA7E5C00F7610D /* Release */,
			);
			defaultConfigurationIsVisible = 0;
			defaultConfigurationName = Release;
		};
		985946B527FA7E5C00F7610D /* Build configuration list for PBXNativeTarget "assignment" */ = {
			isa = XCConfigurationList;
			buildConfigurations = (
				985946B627FA7E5C00F7610D /* Debug */,
				985946B727FA7E5C00F7610D /* Release */,
			);
			defaultConfigurationIsVisible = 0;
			defaultConfigurationName = Release;
		};
/* End XCConfigurationList section */
	};
	rootObject = 9859469927FA7E5C00F7610D /* Project object */;
}
