// !$*UTF8*$!
{
	archiveVersion = 1;
	classes = {
	};
	objectVersion = 55;
	objects = {

/* Begin PBXBuildFile section */
		72C7C312027560DF095DF221 /* Pods_seminar.framework in Frameworks */ = {isa = PBXBuildFile; fileRef = EE6D51C65C24DBEEAC68D46C /* Pods_seminar.framework */; };
		9813926F28263B0D0066D11A /* week4.storyboard in Resources */ = {isa = PBXBuildFile; fileRef = 9813926E28263B0D0066D11A /* week4.storyboard */; };
		9831C41B27F8139A002864EE /* AppDelegate.swift in Sources */ = {isa = PBXBuildFile; fileRef = 9831C41A27F8139A002864EE /* AppDelegate.swift */; };
		9831C41D27F8139A002864EE /* SceneDelegate.swift in Sources */ = {isa = PBXBuildFile; fileRef = 9831C41C27F8139A002864EE /* SceneDelegate.swift */; };
		9831C41F27F8139A002864EE /* ViewController.swift in Sources */ = {isa = PBXBuildFile; fileRef = 9831C41E27F8139A002864EE /* ViewController.swift */; };
		9831C42227F8139A002864EE /* Main.storyboard in Resources */ = {isa = PBXBuildFile; fileRef = 9831C42027F8139A002864EE /* Main.storyboard */; };
		9831C42427F8139C002864EE /* Assets.xcassets in Resources */ = {isa = PBXBuildFile; fileRef = 9831C42327F8139C002864EE /* Assets.xcassets */; };
		9831C42727F8139C002864EE /* LaunchScreen.storyboard in Resources */ = {isa = PBXBuildFile; fileRef = 9831C42527F8139C002864EE /* LaunchScreen.storyboard */; };
		9831C43127F81551002864EE /* Week1.storyboard in Resources */ = {isa = PBXBuildFile; fileRef = 9831C43027F81551002864EE /* Week1.storyboard */; };
		9831C43327F8155C002864EE /* Week1ViewController.swift in Sources */ = {isa = PBXBuildFile; fileRef = 9831C43227F8155C002864EE /* Week1ViewController.swift */; };
		984B723E280152EC00CA32BC /* Week2.storyboard in Resources */ = {isa = PBXBuildFile; fileRef = 984B723D280152EC00CA32BC /* Week2.storyboard */; };
		984B72402801556200CA32BC /* Week2FirstViewController.swift in Sources */ = {isa = PBXBuildFile; fileRef = 984B723F2801556200CA32BC /* Week2FirstViewController.swift */; };
		984B724228015D3A00CA32BC /* Week2Tabbar.storyboard in Resources */ = {isa = PBXBuildFile; fileRef = 984B724128015D3A00CA32BC /* Week2Tabbar.storyboard */; };
		984B7244280161B300CA32BC /* Week2FirstTab.storyboard in Resources */ = {isa = PBXBuildFile; fileRef = 984B7243280161B300CA32BC /* Week2FirstTab.storyboard */; };
		984B7246280161BC00CA32BC /* Week2SecondTab.storyboard in Resources */ = {isa = PBXBuildFile; fileRef = 984B7245280161BC00CA32BC /* Week2SecondTab.storyboard */; };
		984B72482801656600CA32BC /* Week2CodeTabbar.storyboard in Resources */ = {isa = PBXBuildFile; fileRef = 984B72472801656600CA32BC /* Week2CodeTabbar.storyboard */; };
		984B724D2801661300CA32BC /* CustomTabbarController.swift in Sources */ = {isa = PBXBuildFile; fileRef = 984B724C2801661300CA32BC /* CustomTabbarController.swift */; };
		984B724F2801663B00CA32BC /* CustomFirstTabViewController.swift in Sources */ = {isa = PBXBuildFile; fileRef = 984B724E2801663B00CA32BC /* CustomFirstTabViewController.swift */; };
		984B72512801664300CA32BC /* CustomSecondTabViewController.swift in Sources */ = {isa = PBXBuildFile; fileRef = 984B72502801664300CA32BC /* CustomSecondTabViewController.swift */; };
		984B7254280173A800CA32BC /* AutoLayout.storyboard in Resources */ = {isa = PBXBuildFile; fileRef = 984B7253280173A800CA32BC /* AutoLayout.storyboard */; };
		984B725728017C4200CA32BC /* Stack.storyboard in Resources */ = {isa = PBXBuildFile; fileRef = 984B725628017C4200CA32BC /* Stack.storyboard */; };
		989BB8EF2813C714009E4270 /* week3.storyboard in Resources */ = {isa = PBXBuildFile; fileRef = 989BB8EE2813C714009E4270 /* week3.storyboard */; };
		989BB8F12813D001009E4270 /* DelegatePractice.storyboard in Resources */ = {isa = PBXBuildFile; fileRef = 989BB8F02813D001009E4270 /* DelegatePractice.storyboard */; };
		989BB8F32813D00E009E4270 /* DelegatePracticeViewController.swift in Sources */ = {isa = PBXBuildFile; fileRef = 989BB8F22813D00E009E4270 /* DelegatePracticeViewController.swift */; };
		989BB8F52813D7FE009E4270 /* Week3FirstViewController.swift in Sources */ = {isa = PBXBuildFile; fileRef = 989BB8F42813D7FE009E4270 /* Week3FirstViewController.swift */; };
		989BB8F72813D803009E4270 /* Week3SecondViewController.swift in Sources */ = {isa = PBXBuildFile; fileRef = 989BB8F62813D803009E4270 /* Week3SecondViewController.swift */; };
		989BB8F92813DE99009E4270 /* TableviewPractice.storyboard in Resources */ = {isa = PBXBuildFile; fileRef = 989BB8F82813DE99009E4270 /* TableviewPractice.storyboard */; };
		989BB8FB2813DEA7009E4270 /* TableViewPracticeViewController.swift in Sources */ = {isa = PBXBuildFile; fileRef = 989BB8FA2813DEA7009E4270 /* TableViewPracticeViewController.swift */; };
		989BB8FF2813DF90009E4270 /* MusicTableViewCell.swift in Sources */ = {isa = PBXBuildFile; fileRef = 989BB8FD2813DF90009E4270 /* MusicTableViewCell.swift */; };
		989BB9002813DF90009E4270 /* MusicTableViewCell.xib in Resources */ = {isa = PBXBuildFile; fileRef = 989BB8FE2813DF90009E4270 /* MusicTableViewCell.xib */; };
		989BB9022813E41F009E4270 /* MusicDataModel.swift in Sources */ = {isa = PBXBuildFile; fileRef = 989BB9012813E41F009E4270 /* MusicDataModel.swift */; };
		989BB9052813EE98009E4270 /* CollectionView.storyboard in Resources */ = {isa = PBXBuildFile; fileRef = 989BB9042813EE98009E4270 /* CollectionView.storyboard */; };
		989BB9072813EEA3009E4270 /* CollectionViewViewController.swift in Sources */ = {isa = PBXBuildFile; fileRef = 989BB9062813EEA3009E4270 /* CollectionViewViewController.swift */; };
		989BB90C2813EF77009E4270 /* MusicCollectionViewCell.swift in Sources */ = {isa = PBXBuildFile; fileRef = 989BB90A2813EF77009E4270 /* MusicCollectionViewCell.swift */; };
		989BB90D2813EF77009E4270 /* MusicCollectionViewCell.xib in Resources */ = {isa = PBXBuildFile; fileRef = 989BB90B2813EF77009E4270 /* MusicCollectionViewCell.xib */; };
		989BB90F2813F0DA009E4270 /* AlbumDataModel.swift in Sources */ = {isa = PBXBuildFile; fileRef = 989BB90E2813F0DA009E4270 /* AlbumDataModel.swift */; };
		98B7DE7727F832FA0088B166 /* FirstViewController.swift in Sources */ = {isa = PBXBuildFile; fileRef = 98B7DE7627F832FA0088B166 /* FirstViewController.swift */; };
		98B7DE7927F833010088B166 /* SecondViewController.swift in Sources */ = {isa = PBXBuildFile; fileRef = 98B7DE7827F833010088B166 /* SecondViewController.swift */; };
		98E6BA012866D81100B191B0 /* HermesViewController.swift in Sources */ = {isa = PBXBuildFile; fileRef = 98E6BA002866D81100B191B0 /* HermesViewController.swift */; };
		98E6BA032866D9EC00B191B0 /* Hermes.storyboard in Resources */ = {isa = PBXBuildFile; fileRef = 98E6BA022866D9EC00B191B0 /* Hermes.storyboard */; };
		98ECFFE4282655BA009A2EE0 /* APIConstants.swift in Sources */ = {isa = PBXBuildFile; fileRef = 98ECFFE3282655BA009A2EE0 /* APIConstants.swift */; };
		98ECFFE62826579F009A2EE0 /* NetworkResult.swift in Sources */ = {isa = PBXBuildFile; fileRef = 98ECFFE52826579F009A2EE0 /* NetworkResult.swift */; };
		98ECFFEB2826587F009A2EE0 /* LoginModel.swift in Sources */ = {isa = PBXBuildFile; fileRef = 98ECFFEA2826587F009A2EE0 /* LoginModel.swift */; };
		98ECFFED28265A29009A2EE0 /* UserService.swift in Sources */ = {isa = PBXBuildFile; fileRef = 98ECFFEC28265A29009A2EE0 /* UserService.swift */; };
/* End PBXBuildFile section */

/* Begin PBXFileReference section */
		241FD1813540AC029D3BF080 /* Pods-seminar.debug.xcconfig */ = {isa = PBXFileReference; includeInIndex = 1; lastKnownFileType = text.xcconfig; name = "Pods-seminar.debug.xcconfig"; path = "Target Support Files/Pods-seminar/Pods-seminar.debug.xcconfig"; sourceTree = "<group>"; };
		6965DF3FB1210C456B47025B /* Pods-seminar.release.xcconfig */ = {isa = PBXFileReference; includeInIndex = 1; lastKnownFileType = text.xcconfig; name = "Pods-seminar.release.xcconfig"; path = "Target Support Files/Pods-seminar/Pods-seminar.release.xcconfig"; sourceTree = "<group>"; };
		9813926E28263B0D0066D11A /* week4.storyboard */ = {isa = PBXFileReference; lastKnownFileType = file.storyboard; path = week4.storyboard; sourceTree = "<group>"; };
		9831C41727F8139A002864EE /* seminar.app */ = {isa = PBXFileReference; explicitFileType = wrapper.application; includeInIndex = 0; path = seminar.app; sourceTree = BUILT_PRODUCTS_DIR; };
		9831C41A27F8139A002864EE /* AppDelegate.swift */ = {isa = PBXFileReference; lastKnownFileType = sourcecode.swift; path = AppDelegate.swift; sourceTree = "<group>"; };
		9831C41C27F8139A002864EE /* SceneDelegate.swift */ = {isa = PBXFileReference; lastKnownFileType = sourcecode.swift; path = SceneDelegate.swift; sourceTree = "<group>"; };
		9831C41E27F8139A002864EE /* ViewController.swift */ = {isa = PBXFileReference; lastKnownFileType = sourcecode.swift; path = ViewController.swift; sourceTree = "<group>"; };
		9831C42127F8139A002864EE /* Base */ = {isa = PBXFileReference; lastKnownFileType = file.storyboard; name = Base; path = Base.lproj/Main.storyboard; sourceTree = "<group>"; };
		9831C42327F8139C002864EE /* Assets.xcassets */ = {isa = PBXFileReference; lastKnownFileType = folder.assetcatalog; path = Assets.xcassets; sourceTree = "<group>"; };
		9831C42627F8139C002864EE /* Base */ = {isa = PBXFileReference; lastKnownFileType = file.storyboard; name = Base; path = Base.lproj/LaunchScreen.storyboard; sourceTree = "<group>"; };
		9831C42827F8139C002864EE /* Info.plist */ = {isa = PBXFileReference; lastKnownFileType = text.plist.xml; path = Info.plist; sourceTree = "<group>"; };
		9831C43027F81551002864EE /* Week1.storyboard */ = {isa = PBXFileReference; lastKnownFileType = file.storyboard; path = Week1.storyboard; sourceTree = "<group>"; };
		9831C43227F8155C002864EE /* Week1ViewController.swift */ = {isa = PBXFileReference; lastKnownFileType = sourcecode.swift; path = Week1ViewController.swift; sourceTree = "<group>"; };
		984B723D280152EC00CA32BC /* Week2.storyboard */ = {isa = PBXFileReference; lastKnownFileType = file.storyboard; path = Week2.storyboard; sourceTree = "<group>"; };
		984B723F2801556200CA32BC /* Week2FirstViewController.swift */ = {isa = PBXFileReference; lastKnownFileType = sourcecode.swift; path = Week2FirstViewController.swift; sourceTree = "<group>"; };
		984B724128015D3A00CA32BC /* Week2Tabbar.storyboard */ = {isa = PBXFileReference; lastKnownFileType = file.storyboard; path = Week2Tabbar.storyboard; sourceTree = "<group>"; };
		984B7243280161B300CA32BC /* Week2FirstTab.storyboard */ = {isa = PBXFileReference; lastKnownFileType = file.storyboard; path = Week2FirstTab.storyboard; sourceTree = "<group>"; };
		984B7245280161BC00CA32BC /* Week2SecondTab.storyboard */ = {isa = PBXFileReference; lastKnownFileType = file.storyboard; path = Week2SecondTab.storyboard; sourceTree = "<group>"; };
		984B72472801656600CA32BC /* Week2CodeTabbar.storyboard */ = {isa = PBXFileReference; lastKnownFileType = file.storyboard; path = Week2CodeTabbar.storyboard; sourceTree = "<group>"; };
		984B724C2801661300CA32BC /* CustomTabbarController.swift */ = {isa = PBXFileReference; lastKnownFileType = sourcecode.swift; path = CustomTabbarController.swift; sourceTree = "<group>"; };
		984B724E2801663B00CA32BC /* CustomFirstTabViewController.swift */ = {isa = PBXFileReference; lastKnownFileType = sourcecode.swift; path = CustomFirstTabViewController.swift; sourceTree = "<group>"; };
		984B72502801664300CA32BC /* CustomSecondTabViewController.swift */ = {isa = PBXFileReference; lastKnownFileType = sourcecode.swift; path = CustomSecondTabViewController.swift; sourceTree = "<group>"; };
		984B7253280173A800CA32BC /* AutoLayout.storyboard */ = {isa = PBXFileReference; lastKnownFileType = file.storyboard; path = AutoLayout.storyboard; sourceTree = "<group>"; };
		984B725628017C4200CA32BC /* Stack.storyboard */ = {isa = PBXFileReference; lastKnownFileType = file.storyboard; path = Stack.storyboard; sourceTree = "<group>"; };
		989BB8EE2813C714009E4270 /* week3.storyboard */ = {isa = PBXFileReference; lastKnownFileType = file.storyboard; path = week3.storyboard; sourceTree = "<group>"; };
		989BB8F02813D001009E4270 /* DelegatePractice.storyboard */ = {isa = PBXFileReference; lastKnownFileType = file.storyboard; path = DelegatePractice.storyboard; sourceTree = "<group>"; };
		989BB8F22813D00E009E4270 /* DelegatePracticeViewController.swift */ = {isa = PBXFileReference; lastKnownFileType = sourcecode.swift; path = DelegatePracticeViewController.swift; sourceTree = "<group>"; };
		989BB8F42813D7FE009E4270 /* Week3FirstViewController.swift */ = {isa = PBXFileReference; lastKnownFileType = sourcecode.swift; path = Week3FirstViewController.swift; sourceTree = "<group>"; };
		989BB8F62813D803009E4270 /* Week3SecondViewController.swift */ = {isa = PBXFileReference; lastKnownFileType = sourcecode.swift; path = Week3SecondViewController.swift; sourceTree = "<group>"; };
		989BB8F82813DE99009E4270 /* TableviewPractice.storyboard */ = {isa = PBXFileReference; lastKnownFileType = file.storyboard; path = TableviewPractice.storyboard; sourceTree = "<group>"; };
		989BB8FA2813DEA7009E4270 /* TableViewPracticeViewController.swift */ = {isa = PBXFileReference; lastKnownFileType = sourcecode.swift; path = TableViewPracticeViewController.swift; sourceTree = "<group>"; };
		989BB8FD2813DF90009E4270 /* MusicTableViewCell.swift */ = {isa = PBXFileReference; lastKnownFileType = sourcecode.swift; path = MusicTableViewCell.swift; sourceTree = "<group>"; };
		989BB8FE2813DF90009E4270 /* MusicTableViewCell.xib */ = {isa = PBXFileReference; lastKnownFileType = file.xib; path = MusicTableViewCell.xib; sourceTree = "<group>"; };
		989BB9012813E41F009E4270 /* MusicDataModel.swift */ = {isa = PBXFileReference; lastKnownFileType = sourcecode.swift; path = MusicDataModel.swift; sourceTree = "<group>"; };
		989BB9042813EE98009E4270 /* CollectionView.storyboard */ = {isa = PBXFileReference; lastKnownFileType = file.storyboard; path = CollectionView.storyboard; sourceTree = "<group>"; };
		989BB9062813EEA3009E4270 /* CollectionViewViewController.swift */ = {isa = PBXFileReference; lastKnownFileType = sourcecode.swift; path = CollectionViewViewController.swift; sourceTree = "<group>"; };
		989BB90A2813EF77009E4270 /* MusicCollectionViewCell.swift */ = {isa = PBXFileReference; lastKnownFileType = sourcecode.swift; path = MusicCollectionViewCell.swift; sourceTree = "<group>"; };
		989BB90B2813EF77009E4270 /* MusicCollectionViewCell.xib */ = {isa = PBXFileReference; lastKnownFileType = file.xib; path = MusicCollectionViewCell.xib; sourceTree = "<group>"; };
		989BB90E2813F0DA009E4270 /* AlbumDataModel.swift */ = {isa = PBXFileReference; lastKnownFileType = sourcecode.swift; path = AlbumDataModel.swift; sourceTree = "<group>"; };
		98B7DE7627F832FA0088B166 /* FirstViewController.swift */ = {isa = PBXFileReference; lastKnownFileType = sourcecode.swift; path = FirstViewController.swift; sourceTree = "<group>"; };
		98B7DE7827F833010088B166 /* SecondViewController.swift */ = {isa = PBXFileReference; lastKnownFileType = sourcecode.swift; path = SecondViewController.swift; sourceTree = "<group>"; };
		98E6BA002866D81100B191B0 /* HermesViewController.swift */ = {isa = PBXFileReference; lastKnownFileType = sourcecode.swift; path = HermesViewController.swift; sourceTree = "<group>"; };
		98E6BA022866D9EC00B191B0 /* Hermes.storyboard */ = {isa = PBXFileReference; lastKnownFileType = file.storyboard; path = Hermes.storyboard; sourceTree = "<group>"; };
		98ECFFE3282655BA009A2EE0 /* APIConstants.swift */ = {isa = PBXFileReference; lastKnownFileType = sourcecode.swift; path = APIConstants.swift; sourceTree = "<group>"; };
		98ECFFE52826579F009A2EE0 /* NetworkResult.swift */ = {isa = PBXFileReference; lastKnownFileType = sourcecode.swift; path = NetworkResult.swift; sourceTree = "<group>"; };
		98ECFFEA2826587F009A2EE0 /* LoginModel.swift */ = {isa = PBXFileReference; lastKnownFileType = sourcecode.swift; path = LoginModel.swift; sourceTree = "<group>"; };
		98ECFFEC28265A29009A2EE0 /* UserService.swift */ = {isa = PBXFileReference; lastKnownFileType = sourcecode.swift; path = UserService.swift; sourceTree = "<group>"; };
		EE6D51C65C24DBEEAC68D46C /* Pods_seminar.framework */ = {isa = PBXFileReference; explicitFileType = wrapper.framework; includeInIndex = 0; path = Pods_seminar.framework; sourceTree = BUILT_PRODUCTS_DIR; };
/* End PBXFileReference section */

/* Begin PBXFrameworksBuildPhase section */
		9831C41427F8139A002864EE /* Frameworks */ = {
			isa = PBXFrameworksBuildPhase;
			buildActionMask = 2147483647;
			files = (
				72C7C312027560DF095DF221 /* Pods_seminar.framework in Frameworks */,
			);
			runOnlyForDeploymentPostprocessing = 0;
		};
/* End PBXFrameworksBuildPhase section */

/* Begin PBXGroup section */
		3DA33FE4DFE6F15FCFB2CC9B /* Frameworks */ = {
			isa = PBXGroup;
			children = (
				EE6D51C65C24DBEEAC68D46C /* Pods_seminar.framework */,
			);
			name = Frameworks;
			sourceTree = "<group>";
		};
		921104E8BB105020BC1BF4B5 /* Pods */ = {
			isa = PBXGroup;
			children = (
				241FD1813540AC029D3BF080 /* Pods-seminar.debug.xcconfig */,
				6965DF3FB1210C456B47025B /* Pods-seminar.release.xcconfig */,
			);
			path = Pods;
			sourceTree = "<group>";
		};
		9813926D2826390B0066D11A /* week4 */ = {
			isa = PBXGroup;
			children = (
				98ECFFE928265871009A2EE0 /* NetworkConstants */,
				98ECFFE82826586C009A2EE0 /* Login */,
				9813926E28263B0D0066D11A /* week4.storyboard */,
				98ECFFEC28265A29009A2EE0 /* UserService.swift */,
			);
			path = week4;
			sourceTree = "<group>";
		};
		9831C40E27F8139A002864EE = {
			isa = PBXGroup;
			children = (
				9831C41927F8139A002864EE /* seminar */,
				9831C41827F8139A002864EE /* Products */,
				921104E8BB105020BC1BF4B5 /* Pods */,
				3DA33FE4DFE6F15FCFB2CC9B /* Frameworks */,
			);
			sourceTree = "<group>";
		};
		9831C41827F8139A002864EE /* Products */ = {
			isa = PBXGroup;
			children = (
				9831C41727F8139A002864EE /* seminar.app */,
			);
			name = Products;
			sourceTree = "<group>";
		};
		9831C41927F8139A002864EE /* seminar */ = {
			isa = PBXGroup;
			children = (
				98E6B9FF2866D7EB00B191B0 /* week8 */,
				9831C42F27F81521002864EE /* Supports */,
				9831C42E27F813D7002864EE /* week1 */,
				984B723C28014F6700CA32BC /* week2 */,
				989BB8ED2813C704009E4270 /* week3 */,
				9813926D2826390B0066D11A /* week4 */,
				9831C42827F8139C002864EE /* Info.plist */,
			);
			path = seminar;
			sourceTree = "<group>";
		};
		9831C42E27F813D7002864EE /* week1 */ = {
			isa = PBXGroup;
			children = (
				9831C43027F81551002864EE /* Week1.storyboard */,
				9831C43227F8155C002864EE /* Week1ViewController.swift */,
				98B7DE7627F832FA0088B166 /* FirstViewController.swift */,
				98B7DE7827F833010088B166 /* SecondViewController.swift */,
			);
			path = week1;
			sourceTree = "<group>";
		};
		9831C42F27F81521002864EE /* Supports */ = {
			isa = PBXGroup;
			children = (
				9831C41A27F8139A002864EE /* AppDelegate.swift */,
				9831C41C27F8139A002864EE /* SceneDelegate.swift */,
				9831C41E27F8139A002864EE /* ViewController.swift */,
				9831C42027F8139A002864EE /* Main.storyboard */,
				9831C42327F8139C002864EE /* Assets.xcassets */,
				9831C42527F8139C002864EE /* LaunchScreen.storyboard */,
			);
			path = Supports;
			sourceTree = "<group>";
		};
		984B723C28014F6700CA32BC /* week2 */ = {
			isa = PBXGroup;
			children = (
				984B72492801656E00CA32BC /* Hierarchy */,
				984B724A2801657700CA32BC /* StoryboardTabbar */,
				984B724B2801658C00CA32BC /* CodeTabbar */,
				984B72522801736600CA32BC /* AutoLayout */,
				984B725528017C2F00CA32BC /* Stack */,
			);
			path = week2;
			sourceTree = "<group>";
		};
		984B72492801656E00CA32BC /* Hierarchy */ = {
			isa = PBXGroup;
			children = (
				984B723D280152EC00CA32BC /* Week2.storyboard */,
				984B723F2801556200CA32BC /* Week2FirstViewController.swift */,
			);
			path = Hierarchy;
			sourceTree = "<group>";
		};
		984B724A2801657700CA32BC /* StoryboardTabbar */ = {
			isa = PBXGroup;
			children = (
				984B7245280161BC00CA32BC /* Week2SecondTab.storyboard */,
				984B7243280161B300CA32BC /* Week2FirstTab.storyboard */,
				984B724128015D3A00CA32BC /* Week2Tabbar.storyboard */,
			);
			path = StoryboardTabbar;
			sourceTree = "<group>";
		};
		984B724B2801658C00CA32BC /* CodeTabbar */ = {
			isa = PBXGroup;
			children = (
				984B72472801656600CA32BC /* Week2CodeTabbar.storyboard */,
				984B724C2801661300CA32BC /* CustomTabbarController.swift */,
				984B724E2801663B00CA32BC /* CustomFirstTabViewController.swift */,
				984B72502801664300CA32BC /* CustomSecondTabViewController.swift */,
			);
			path = CodeTabbar;
			sourceTree = "<group>";
		};
		984B72522801736600CA32BC /* AutoLayout */ = {
			isa = PBXGroup;
			children = (
				984B7253280173A800CA32BC /* AutoLayout.storyboard */,
			);
			path = AutoLayout;
			sourceTree = "<group>";
		};
		984B725528017C2F00CA32BC /* Stack */ = {
			isa = PBXGroup;
			children = (
				984B725628017C4200CA32BC /* Stack.storyboard */,
			);
			path = Stack;
			sourceTree = "<group>";
		};
		989BB8ED2813C704009E4270 /* week3 */ = {
			isa = PBXGroup;
			children = (
				989BB9032813EE8F009E4270 /* collectionview */,
				989BB8FC2813DF7A009E4270 /* tableview */,
				989BB8EE2813C714009E4270 /* week3.storyboard */,
				989BB8F02813D001009E4270 /* DelegatePractice.storyboard */,
				989BB8F22813D00E009E4270 /* DelegatePracticeViewController.swift */,
				989BB8F42813D7FE009E4270 /* Week3FirstViewController.swift */,
				989BB8F62813D803009E4270 /* Week3SecondViewController.swift */,
			);
			path = week3;
			sourceTree = "<group>";
		};
		989BB8FC2813DF7A009E4270 /* tableview */ = {
			isa = PBXGroup;
			children = (
				989BB8F82813DE99009E4270 /* TableviewPractice.storyboard */,
				989BB8FA2813DEA7009E4270 /* TableViewPracticeViewController.swift */,
				989BB8FD2813DF90009E4270 /* MusicTableViewCell.swift */,
				989BB8FE2813DF90009E4270 /* MusicTableViewCell.xib */,
				989BB9012813E41F009E4270 /* MusicDataModel.swift */,
			);
			path = tableview;
			sourceTree = "<group>";
		};
		989BB9032813EE8F009E4270 /* collectionview */ = {
			isa = PBXGroup;
			children = (
				989BB9042813EE98009E4270 /* CollectionView.storyboard */,
				989BB9062813EEA3009E4270 /* CollectionViewViewController.swift */,
				989BB90A2813EF77009E4270 /* MusicCollectionViewCell.swift */,
				989BB90B2813EF77009E4270 /* MusicCollectionViewCell.xib */,
				989BB90E2813F0DA009E4270 /* AlbumDataModel.swift */,
			);
			path = collectionview;
			sourceTree = "<group>";
		};
		98E6B9FF2866D7EB00B191B0 /* week8 */ = {
			isa = PBXGroup;
			children = (
				98E6BA002866D81100B191B0 /* HermesViewController.swift */,
				98E6BA022866D9EC00B191B0 /* Hermes.storyboard */,
			);
			path = week8;
			sourceTree = "<group>";
		};
		98ECFFE82826586C009A2EE0 /* Login */ = {
			isa = PBXGroup;
			children = (
				98ECFFEA2826587F009A2EE0 /* LoginModel.swift */,
			);
			path = Login;
			sourceTree = "<group>";
		};
		98ECFFE928265871009A2EE0 /* NetworkConstants */ = {
			isa = PBXGroup;
			children = (
				98ECFFE3282655BA009A2EE0 /* APIConstants.swift */,
				98ECFFE52826579F009A2EE0 /* NetworkResult.swift */,
			);
			path = NetworkConstants;
			sourceTree = "<group>";
		};
/* End PBXGroup section */

/* Begin PBXNativeTarget section */
		9831C41627F8139A002864EE /* seminar */ = {
			isa = PBXNativeTarget;
			buildConfigurationList = 9831C42B27F8139C002864EE /* Build configuration list for PBXNativeTarget "seminar" */;
			buildPhases = (
				96ACCDCF788A50BB4E92218A /* [CP] Check Pods Manifest.lock */,
				9831C41327F8139A002864EE /* Sources */,
				9831C41427F8139A002864EE /* Frameworks */,
				9831C41527F8139A002864EE /* Resources */,
				0365E22C84FB497CC30AB908 /* [CP] Embed Pods Frameworks */,
			);
			buildRules = (
			);
			dependencies = (
			);
			name = seminar;
			productName = seminar;
			productReference = 9831C41727F8139A002864EE /* seminar.app */;
			productType = "com.apple.product-type.application";
		};
/* End PBXNativeTarget section */

/* Begin PBXProject section */
		9831C40F27F8139A002864EE /* Project object */ = {
			isa = PBXProject;
			attributes = {
				BuildIndependentTargetsInParallel = 1;
				LastSwiftUpdateCheck = 1330;
				LastUpgradeCheck = 1330;
				TargetAttributes = {
					9831C41627F8139A002864EE = {
						CreatedOnToolsVersion = 13.3;
					};
				};
			};
			buildConfigurationList = 9831C41227F8139A002864EE /* Build configuration list for PBXProject "seminar" */;
			compatibilityVersion = "Xcode 13.0";
			developmentRegion = en;
			hasScannedForEncodings = 0;
			knownRegions = (
				en,
				Base,
			);
			mainGroup = 9831C40E27F8139A002864EE;
			productRefGroup = 9831C41827F8139A002864EE /* Products */;
			projectDirPath = "";
			projectRoot = "";
			targets = (
				9831C41627F8139A002864EE /* seminar */,
			);
		};
/* End PBXProject section */

/* Begin PBXResourcesBuildPhase section */
		9831C41527F8139A002864EE /* Resources */ = {
			isa = PBXResourcesBuildPhase;
			buildActionMask = 2147483647;
			files = (
				98E6BA032866D9EC00B191B0 /* Hermes.storyboard in Resources */,
				984B723E280152EC00CA32BC /* Week2.storyboard in Resources */,
				984B725728017C4200CA32BC /* Stack.storyboard in Resources */,
				984B7254280173A800CA32BC /* AutoLayout.storyboard in Resources */,
				984B72482801656600CA32BC /* Week2CodeTabbar.storyboard in Resources */,
				984B7246280161BC00CA32BC /* Week2SecondTab.storyboard in Resources */,
				9831C43127F81551002864EE /* Week1.storyboard in Resources */,
				9831C42727F8139C002864EE /* LaunchScreen.storyboard in Resources */,
				989BB9052813EE98009E4270 /* CollectionView.storyboard in Resources */,
				984B724228015D3A00CA32BC /* Week2Tabbar.storyboard in Resources */,
				9831C42427F8139C002864EE /* Assets.xcassets in Resources */,
				989BB9002813DF90009E4270 /* MusicTableViewCell.xib in Resources */,
				9831C42227F8139A002864EE /* Main.storyboard in Resources */,
				989BB8F12813D001009E4270 /* DelegatePractice.storyboard in Resources */,
				989BB8EF2813C714009E4270 /* week3.storyboard in Resources */,
				989BB90D2813EF77009E4270 /* MusicCollectionViewCell.xib in Resources */,
				9813926F28263B0D0066D11A /* week4.storyboard in Resources */,
				984B7244280161B300CA32BC /* Week2FirstTab.storyboard in Resources */,
				989BB8F92813DE99009E4270 /* TableviewPractice.storyboard in Resources */,
			);
			runOnlyForDeploymentPostprocessing = 0;
		};
/* End PBXResourcesBuildPhase section */

/* Begin PBXShellScriptBuildPhase section */
		0365E22C84FB497CC30AB908 /* [CP] Embed Pods Frameworks */ = {
			isa = PBXShellScriptBuildPhase;
			buildActionMask = 2147483647;
			files = (
			);
			inputFileListPaths = (
				"${PODS_ROOT}/Target Support Files/Pods-seminar/Pods-seminar-frameworks-${CONFIGURATION}-input-files.xcfilelist",
			);
			name = "[CP] Embed Pods Frameworks";
			outputFileListPaths = (
				"${PODS_ROOT}/Target Support Files/Pods-seminar/Pods-seminar-frameworks-${CONFIGURATION}-output-files.xcfilelist",
			);
			runOnlyForDeploymentPostprocessing = 0;
			shellPath = /bin/sh;
			shellScript = "\"${PODS_ROOT}/Target Support Files/Pods-seminar/Pods-seminar-frameworks.sh\"\n";
			showEnvVarsInLog = 0;
		};
		96ACCDCF788A50BB4E92218A /* [CP] Check Pods Manifest.lock */ = {
			isa = PBXShellScriptBuildPhase;
			buildActionMask = 2147483647;
			files = (
			);
			inputFileListPaths = (
			);
			inputPaths = (
				"${PODS_PODFILE_DIR_PATH}/Podfile.lock",
				"${PODS_ROOT}/Manifest.lock",
			);
			name = "[CP] Check Pods Manifest.lock";
			outputFileListPaths = (
			);
			outputPaths = (
				"$(DERIVED_FILE_DIR)/Pods-seminar-checkManifestLockResult.txt",
			);
			runOnlyForDeploymentPostprocessing = 0;
			shellPath = /bin/sh;
			shellScript = "diff \"${PODS_PODFILE_DIR_PATH}/Podfile.lock\" \"${PODS_ROOT}/Manifest.lock\" > /dev/null\nif [ $? != 0 ] ; then\n    # print error to STDERR\n    echo \"error: The sandbox is not in sync with the Podfile.lock. Run 'pod install' or update your CocoaPods installation.\" >&2\n    exit 1\nfi\n# This output is used by Xcode 'outputs' to avoid re-running this script phase.\necho \"SUCCESS\" > \"${SCRIPT_OUTPUT_FILE_0}\"\n";
			showEnvVarsInLog = 0;
		};
/* End PBXShellScriptBuildPhase section */

/* Begin PBXSourcesBuildPhase section */
		9831C41327F8139A002864EE /* Sources */ = {
			isa = PBXSourcesBuildPhase;
			buildActionMask = 2147483647;
			files = (
				98B7DE7927F833010088B166 /* SecondViewController.swift in Sources */,
				989BB8FB2813DEA7009E4270 /* TableViewPracticeViewController.swift in Sources */,
				98B7DE7727F832FA0088B166 /* FirstViewController.swift in Sources */,
				984B724D2801661300CA32BC /* CustomTabbarController.swift in Sources */,
				989BB90C2813EF77009E4270 /* MusicCollectionViewCell.swift in Sources */,
				989BB8F52813D7FE009E4270 /* Week3FirstViewController.swift in Sources */,
				98ECFFE62826579F009A2EE0 /* NetworkResult.swift in Sources */,
				98ECFFED28265A29009A2EE0 /* UserService.swift in Sources */,
				98E6BA012866D81100B191B0 /* HermesViewController.swift in Sources */,
				989BB8FF2813DF90009E4270 /* MusicTableViewCell.swift in Sources */,
				984B72402801556200CA32BC /* Week2FirstViewController.swift in Sources */,
				9831C43327F8155C002864EE /* Week1ViewController.swift in Sources */,
				9831C41F27F8139A002864EE /* ViewController.swift in Sources */,
				9831C41B27F8139A002864EE /* AppDelegate.swift in Sources */,
				984B72512801664300CA32BC /* CustomSecondTabViewController.swift in Sources */,
				989BB9072813EEA3009E4270 /* CollectionViewViewController.swift in Sources */,
				989BB9022813E41F009E4270 /* MusicDataModel.swift in Sources */,
				989BB90F2813F0DA009E4270 /* AlbumDataModel.swift in Sources */,
				989BB8F72813D803009E4270 /* Week3SecondViewController.swift in Sources */,
				98ECFFE4282655BA009A2EE0 /* APIConstants.swift in Sources */,
				984B724F2801663B00CA32BC /* CustomFirstTabViewController.swift in Sources */,
				98ECFFEB2826587F009A2EE0 /* LoginModel.swift in Sources */,
				989BB8F32813D00E009E4270 /* DelegatePracticeViewController.swift in Sources */,
				9831C41D27F8139A002864EE /* SceneDelegate.swift in Sources */,
			);
			runOnlyForDeploymentPostprocessing = 0;
		};
/* End PBXSourcesBuildPhase section */

/* Begin PBXVariantGroup section */
		9831C42027F8139A002864EE /* Main.storyboard */ = {
			isa = PBXVariantGroup;
			children = (
				9831C42127F8139A002864EE /* Base */,
			);
			name = Main.storyboard;
			sourceTree = "<group>";
		};
		9831C42527F8139C002864EE /* LaunchScreen.storyboard */ = {
			isa = PBXVariantGroup;
			children = (
				9831C42627F8139C002864EE /* Base */,
			);
			name = LaunchScreen.storyboard;
			sourceTree = "<group>";
		};
/* End PBXVariantGroup section */

/* Begin XCBuildConfiguration section */
		9831C42927F8139C002864EE /* Debug */ = {
			isa = XCBuildConfiguration;
			buildSettings = {
				ALWAYS_SEARCH_USER_PATHS = NO;
				CLANG_ANALYZER_NONNULL = YES;
				CLANG_ANALYZER_NUMBER_OBJECT_CONVERSION = YES_AGGRESSIVE;
				CLANG_CXX_LANGUAGE_STANDARD = "gnu++17";
				CLANG_ENABLE_MODULES = YES;
				CLANG_ENABLE_OBJC_ARC = YES;
				CLANG_ENABLE_OBJC_WEAK = YES;
				CLANG_WARN_BLOCK_CAPTURE_AUTORELEASING = YES;
				CLANG_WARN_BOOL_CONVERSION = YES;
				CLANG_WARN_COMMA = YES;
				CLANG_WARN_CONSTANT_CONVERSION = YES;
				CLANG_WARN_DEPRECATED_OBJC_IMPLEMENTATIONS = YES;
				CLANG_WARN_DIRECT_OBJC_ISA_USAGE = YES_ERROR;
				CLANG_WARN_DOCUMENTATION_COMMENTS = YES;
				CLANG_WARN_EMPTY_BODY = YES;
				CLANG_WARN_ENUM_CONVERSION = YES;
				CLANG_WARN_INFINITE_RECURSION = YES;
				CLANG_WARN_INT_CONVERSION = YES;
				CLANG_WARN_NON_LITERAL_NULL_CONVERSION = YES;
				CLANG_WARN_OBJC_IMPLICIT_RETAIN_SELF = YES;
				CLANG_WARN_OBJC_LITERAL_CONVERSION = YES;
				CLANG_WARN_OBJC_ROOT_CLASS = YES_ERROR;
				CLANG_WARN_QUOTED_INCLUDE_IN_FRAMEWORK_HEADER = YES;
				CLANG_WARN_RANGE_LOOP_ANALYSIS = YES;
				CLANG_WARN_STRICT_PROTOTYPES = YES;
				CLANG_WARN_SUSPICIOUS_MOVE = YES;
				CLANG_WARN_UNGUARDED_AVAILABILITY = YES_AGGRESSIVE;
				CLANG_WARN_UNREACHABLE_CODE = YES;
				CLANG_WARN__DUPLICATE_METHOD_MATCH = YES;
				COPY_PHASE_STRIP = NO;
				DEBUG_INFORMATION_FORMAT = dwarf;
				ENABLE_STRICT_OBJC_MSGSEND = YES;
				ENABLE_TESTABILITY = YES;
				GCC_C_LANGUAGE_STANDARD = gnu11;
				GCC_DYNAMIC_NO_PIC = NO;
				GCC_NO_COMMON_BLOCKS = YES;
				GCC_OPTIMIZATION_LEVEL = 0;
				GCC_PREPROCESSOR_DEFINITIONS = (
					"DEBUG=1",
					"$(inherited)",
				);
				GCC_WARN_64_TO_32_BIT_CONVERSION = YES;
				GCC_WARN_ABOUT_RETURN_TYPE = YES_ERROR;
				GCC_WARN_UNDECLARED_SELECTOR = YES;
				GCC_WARN_UNINITIALIZED_AUTOS = YES_AGGRESSIVE;
				GCC_WARN_UNUSED_FUNCTION = YES;
				GCC_WARN_UNUSED_VARIABLE = YES;
				IPHONEOS_DEPLOYMENT_TARGET = 15.4;
				MTL_ENABLE_DEBUG_INFO = INCLUDE_SOURCE;
				MTL_FAST_MATH = YES;
				ONLY_ACTIVE_ARCH = YES;
				SDKROOT = iphoneos;
				SWIFT_ACTIVE_COMPILATION_CONDITIONS = DEBUG;
				SWIFT_OPTIMIZATION_LEVEL = "-Onone";
			};
			name = Debug;
		};
		9831C42A27F8139C002864EE /* Release */ = {
			isa = XCBuildConfiguration;
			buildSettings = {
				ALWAYS_SEARCH_USER_PATHS = NO;
				CLANG_ANALYZER_NONNULL = YES;
				CLANG_ANALYZER_NUMBER_OBJECT_CONVERSION = YES_AGGRESSIVE;
				CLANG_CXX_LANGUAGE_STANDARD = "gnu++17";
				CLANG_ENABLE_MODULES = YES;
				CLANG_ENABLE_OBJC_ARC = YES;
				CLANG_ENABLE_OBJC_WEAK = YES;
				CLANG_WARN_BLOCK_CAPTURE_AUTORELEASING = YES;
				CLANG_WARN_BOOL_CONVERSION = YES;
				CLANG_WARN_COMMA = YES;
				CLANG_WARN_CONSTANT_CONVERSION = YES;
				CLANG_WARN_DEPRECATED_OBJC_IMPLEMENTATIONS = YES;
				CLANG_WARN_DIRECT_OBJC_ISA_USAGE = YES_ERROR;
				CLANG_WARN_DOCUMENTATION_COMMENTS = YES;
				CLANG_WARN_EMPTY_BODY = YES;
				CLANG_WARN_ENUM_CONVERSION = YES;
				CLANG_WARN_INFINITE_RECURSION = YES;
				CLANG_WARN_INT_CONVERSION = YES;
				CLANG_WARN_NON_LITERAL_NULL_CONVERSION = YES;
				CLANG_WARN_OBJC_IMPLICIT_RETAIN_SELF = YES;
				CLANG_WARN_OBJC_LITERAL_CONVERSION = YES;
				CLANG_WARN_OBJC_ROOT_CLASS = YES_ERROR;
				CLANG_WARN_QUOTED_INCLUDE_IN_FRAMEWORK_HEADER = YES;
				CLANG_WARN_RANGE_LOOP_ANALYSIS = YES;
				CLANG_WARN_STRICT_PROTOTYPES = YES;
				CLANG_WARN_SUSPICIOUS_MOVE = YES;
				CLANG_WARN_UNGUARDED_AVAILABILITY = YES_AGGRESSIVE;
				CLANG_WARN_UNREACHABLE_CODE = YES;
				CLANG_WARN__DUPLICATE_METHOD_MATCH = YES;
				COPY_PHASE_STRIP = NO;
				DEBUG_INFORMATION_FORMAT = "dwarf-with-dsym";
				ENABLE_NS_ASSERTIONS = NO;
				ENABLE_STRICT_OBJC_MSGSEND = YES;
				GCC_C_LANGUAGE_STANDARD = gnu11;
				GCC_NO_COMMON_BLOCKS = YES;
				GCC_WARN_64_TO_32_BIT_CONVERSION = YES;
				GCC_WARN_ABOUT_RETURN_TYPE = YES_ERROR;
				GCC_WARN_UNDECLARED_SELECTOR = YES;
				GCC_WARN_UNINITIALIZED_AUTOS = YES_AGGRESSIVE;
				GCC_WARN_UNUSED_FUNCTION = YES;
				GCC_WARN_UNUSED_VARIABLE = YES;
				IPHONEOS_DEPLOYMENT_TARGET = 15.4;
				MTL_ENABLE_DEBUG_INFO = NO;
				MTL_FAST_MATH = YES;
				SDKROOT = iphoneos;
				SWIFT_COMPILATION_MODE = wholemodule;
				SWIFT_OPTIMIZATION_LEVEL = "-O";
				VALIDATE_PRODUCT = YES;
			};
			name = Release;
		};
		9831C42C27F8139C002864EE /* Debug */ = {
			isa = XCBuildConfiguration;
			baseConfigurationReference = 241FD1813540AC029D3BF080 /* Pods-seminar.debug.xcconfig */;
			buildSettings = {
				ASSETCATALOG_COMPILER_APPICON_NAME = AppIcon;
				ASSETCATALOG_COMPILER_GLOBAL_ACCENT_COLOR_NAME = AccentColor;
				CODE_SIGN_STYLE = Automatic;
				CURRENT_PROJECT_VERSION = 1;
				DEVELOPMENT_TEAM = 8NF6HGMH4B;
				GENERATE_INFOPLIST_FILE = YES;
				INFOPLIST_FILE = seminar/Info.plist;
				INFOPLIST_KEY_UIApplicationSupportsIndirectInputEvents = YES;
				INFOPLIST_KEY_UILaunchStoryboardName = LaunchScreen;
				INFOPLIST_KEY_UIMainStoryboardFile = Main;
				INFOPLIST_KEY_UISupportedInterfaceOrientations_iPad = "UIInterfaceOrientationPortrait UIInterfaceOrientationPortraitUpsideDown UIInterfaceOrientationLandscapeLeft UIInterfaceOrientationLandscapeRight";
				INFOPLIST_KEY_UISupportedInterfaceOrientations_iPhone = "UIInterfaceOrientationPortrait UIInterfaceOrientationLandscapeLeft UIInterfaceOrientationLandscapeRight";
				LD_RUNPATH_SEARCH_PATHS = (
					"$(inherited)",
					"@executable_path/Frameworks",
				);
				MARKETING_VERSION = 1.0;
				PRODUCT_BUNDLE_IDENTIFIER = meenyweeny.seminar;
				PRODUCT_NAME = "$(TARGET_NAME)";
				SWIFT_EMIT_LOC_STRINGS = YES;
				SWIFT_VERSION = 5.0;
				TARGETED_DEVICE_FAMILY = "1,2";
			};
			name = Debug;
		};
		9831C42D27F8139C002864EE /* Release */ = {
			isa = XCBuildConfiguration;
			baseConfigurationReference = 6965DF3FB1210C456B47025B /* Pods-seminar.release.xcconfig */;
			buildSettings = {
				ASSETCATALOG_COMPILER_APPICON_NAME = AppIcon;
				ASSETCATALOG_COMPILER_GLOBAL_ACCENT_COLOR_NAME = AccentColor;
				CODE_SIGN_STYLE = Automatic;
				CURRENT_PROJECT_VERSION = 1;
				DEVELOPMENT_TEAM = 8NF6HGMH4B;
				GENERATE_INFOPLIST_FILE = YES;
				INFOPLIST_FILE = seminar/Info.plist;
				INFOPLIST_KEY_UIApplicationSupportsIndirectInputEvents = YES;
				INFOPLIST_KEY_UILaunchStoryboardName = LaunchScreen;
				INFOPLIST_KEY_UIMainStoryboardFile = Main;
				INFOPLIST_KEY_UISupportedInterfaceOrientations_iPad = "UIInterfaceOrientationPortrait UIInterfaceOrientationPortraitUpsideDown UIInterfaceOrientationLandscapeLeft UIInterfaceOrientationLandscapeRight";
				INFOPLIST_KEY_UISupportedInterfaceOrientations_iPhone = "UIInterfaceOrientationPortrait UIInterfaceOrientationLandscapeLeft UIInterfaceOrientationLandscapeRight";
				LD_RUNPATH_SEARCH_PATHS = (
					"$(inherited)",
					"@executable_path/Frameworks",
				);
				MARKETING_VERSION = 1.0;
				PRODUCT_BUNDLE_IDENTIFIER = meenyweeny.seminar;
				PRODUCT_NAME = "$(TARGET_NAME)";
				SWIFT_EMIT_LOC_STRINGS = YES;
				SWIFT_VERSION = 5.0;
				TARGETED_DEVICE_FAMILY = "1,2";
			};
			name = Release;
		};
/* End XCBuildConfiguration section */

/* Begin XCConfigurationList section */
		9831C41227F8139A002864EE /* Build configuration list for PBXProject "seminar" */ = {
			isa = XCConfigurationList;
			buildConfigurations = (
				9831C42927F8139C002864EE /* Debug */,
				9831C42A27F8139C002864EE /* Release */,
			);
			defaultConfigurationIsVisible = 0;
			defaultConfigurationName = Release;
		};
		9831C42B27F8139C002864EE /* Build configuration list for PBXNativeTarget "seminar" */ = {
			isa = XCConfigurationList;
			buildConfigurations = (
				9831C42C27F8139C002864EE /* Debug */,
				9831C42D27F8139C002864EE /* Release */,
			);
			defaultConfigurationIsVisible = 0;
			defaultConfigurationName = Release;
		};
/* End XCConfigurationList section */
	};
	rootObject = 9831C40F27F8139A002864EE /* Project object */;
}
