// !$*UTF8*$!
{
	archiveVersion = 1;
	classes = {
	};
	objectVersion = 55;
	objects = {

/* Begin PBXBuildFile section */
		98A14DD327FF13F50091AB27 /* AppDelegate.swift in Sources */ = {isa = PBXBuildFile; fileRef = 98A14DD227FF13F50091AB27 /* AppDelegate.swift */; };
		98A14DD527FF13F50091AB27 /* SceneDelegate.swift in Sources */ = {isa = PBXBuildFile; fileRef = 98A14DD427FF13F50091AB27 /* SceneDelegate.swift */; };
		98A14DDC27FF13F60091AB27 /* Assets.xcassets in Resources */ = {isa = PBXBuildFile; fileRef = 98A14DDB27FF13F60091AB27 /* Assets.xcassets */; };
		98A14DDF27FF13F60091AB27 /* LaunchScreen.storyboard in Resources */ = {isa = PBXBuildFile; fileRef = 98A14DDD27FF13F60091AB27 /* LaunchScreen.storyboard */; };
		98A14DE927FF14F30091AB27 /* SnapKit in Frameworks */ = {isa = PBXBuildFile; productRef = 98A14DE827FF14F30091AB27 /* SnapKit */; };
		98A14DEC27FF14FF0091AB27 /* Then in Frameworks */ = {isa = PBXBuildFile; productRef = 98A14DEB27FF14FF0091AB27 /* Then */; };
		98A58EC227FF371F00B525D5 /* LoginViewController.swift in Sources */ = {isa = PBXBuildFile; fileRef = 98A58EC127FF371F00B525D5 /* LoginViewController.swift */; };
		98A58EC427FF372600B525D5 /* JoinNameViewController.swift in Sources */ = {isa = PBXBuildFile; fileRef = 98A58EC327FF372600B525D5 /* JoinNameViewController.swift */; };
		98A58EC627FF372E00B525D5 /* JoinPasswordViewController.swift in Sources */ = {isa = PBXBuildFile; fileRef = 98A58EC527FF372E00B525D5 /* JoinPasswordViewController.swift */; };
		98A58EC827FF373700B525D5 /* WelcomeViewController.swift in Sources */ = {isa = PBXBuildFile; fileRef = 98A58EC727FF373700B525D5 /* WelcomeViewController.swift */; };
/* End PBXBuildFile section */

/* Begin PBXFileReference section */
		98A14DCF27FF13F50091AB27 /* assignment-code.app */ = {isa = PBXFileReference; explicitFileType = wrapper.application; includeInIndex = 0; path = "assignment-code.app"; sourceTree = BUILT_PRODUCTS_DIR; };
		98A14DD227FF13F50091AB27 /* AppDelegate.swift */ = {isa = PBXFileReference; lastKnownFileType = sourcecode.swift; path = AppDelegate.swift; sourceTree = "<group>"; };
		98A14DD427FF13F50091AB27 /* SceneDelegate.swift */ = {isa = PBXFileReference; lastKnownFileType = sourcecode.swift; path = SceneDelegate.swift; sourceTree = "<group>"; };
		98A14DDB27FF13F60091AB27 /* Assets.xcassets */ = {isa = PBXFileReference; lastKnownFileType = folder.assetcatalog; path = Assets.xcassets; sourceTree = "<group>"; };
		98A14DDE27FF13F60091AB27 /* Base */ = {isa = PBXFileReference; lastKnownFileType = file.storyboard; name = Base; path = Base.lproj/LaunchScreen.storyboard; sourceTree = "<group>"; };
		98A14DE027FF13F60091AB27 /* Info.plist */ = {isa = PBXFileReference; lastKnownFileType = text.plist.xml; path = Info.plist; sourceTree = "<group>"; };
		98A58EC127FF371F00B525D5 /* LoginViewController.swift */ = {isa = PBXFileReference; lastKnownFileType = sourcecode.swift; path = LoginViewController.swift; sourceTree = "<group>"; };
		98A58EC327FF372600B525D5 /* JoinNameViewController.swift */ = {isa = PBXFileReference; lastKnownFileType = sourcecode.swift; path = JoinNameViewController.swift; sourceTree = "<group>"; };
		98A58EC527FF372E00B525D5 /* JoinPasswordViewController.swift */ = {isa = PBXFileReference; lastKnownFileType = sourcecode.swift; path = JoinPasswordViewController.swift; sourceTree = "<group>"; };
		98A58EC727FF373700B525D5 /* WelcomeViewController.swift */ = {isa = PBXFileReference; lastKnownFileType = sourcecode.swift; path = WelcomeViewController.swift; sourceTree = "<group>"; };
/* End PBXFileReference section */

/* Begin PBXFrameworksBuildPhase section */
		98A14DCC27FF13F50091AB27 /* Frameworks */ = {
			isa = PBXFrameworksBuildPhase;
			buildActionMask = 2147483647;
			files = (
				98A14DE927FF14F30091AB27 /* SnapKit in Frameworks */,
				98A14DEC27FF14FF0091AB27 /* Then in Frameworks */,
			);
			runOnlyForDeploymentPostprocessing = 0;
		};
/* End PBXFrameworksBuildPhase section */

/* Begin PBXGroup section */
		98A14DC627FF13F50091AB27 = {
			isa = PBXGroup;
			children = (
				98A14DD127FF13F50091AB27 /* assignment-code */,
				98A14DD027FF13F50091AB27 /* Products */,
			);
			sourceTree = "<group>";
		};
		98A14DD027FF13F50091AB27 /* Products */ = {
			isa = PBXGroup;
			children = (
				98A14DCF27FF13F50091AB27 /* assignment-code.app */,
			);
			name = Products;
			sourceTree = "<group>";
		};
		98A14DD127FF13F50091AB27 /* assignment-code */ = {
			isa = PBXGroup;
			children = (
				98A14DE627FF13FE0091AB27 /* Supports */,
				98A58EC027FF370B00B525D5 /* ViewControllers */,
				98A14DE027FF13F60091AB27 /* Info.plist */,
			);
			path = "assignment-code";
			sourceTree = "<group>";
		};
		98A14DE627FF13FE0091AB27 /* Supports */ = {
			isa = PBXGroup;
			children = (
				98A14DD427FF13F50091AB27 /* SceneDelegate.swift */,
				98A14DD227FF13F50091AB27 /* AppDelegate.swift */,
				98A14DDD27FF13F60091AB27 /* LaunchScreen.storyboard */,
				98A14DDB27FF13F60091AB27 /* Assets.xcassets */,
			);
			path = Supports;
			sourceTree = "<group>";
		};
		98A58EC027FF370B00B525D5 /* ViewControllers */ = {
			isa = PBXGroup;
			children = (
				98A58EC927FF373E00B525D5 /* Auth */,
			);
			path = ViewControllers;
			sourceTree = "<group>";
		};
		98A58EC927FF373E00B525D5 /* Auth */ = {
			isa = PBXGroup;
			children = (
				98A58EC127FF371F00B525D5 /* LoginViewController.swift */,
				98A58EC327FF372600B525D5 /* JoinNameViewController.swift */,
				98A58EC527FF372E00B525D5 /* JoinPasswordViewController.swift */,
				98A58EC727FF373700B525D5 /* WelcomeViewController.swift */,
			);
			path = Auth;
			sourceTree = "<group>";
		};
/* End PBXGroup section */

/* Begin PBXNativeTarget section */
		98A14DCE27FF13F50091AB27 /* assignment-code */ = {
			isa = PBXNativeTarget;
			buildConfigurationList = 98A14DE327FF13F60091AB27 /* Build configuration list for PBXNativeTarget "assignment-code" */;
			buildPhases = (
				98A14DCB27FF13F50091AB27 /* Sources */,
				98A14DCC27FF13F50091AB27 /* Frameworks */,
				98A14DCD27FF13F50091AB27 /* Resources */,
			);
			buildRules = (
			);
			dependencies = (
			);
			name = "assignment-code";
			packageProductDependencies = (
				98A14DE827FF14F30091AB27 /* SnapKit */,
				98A14DEB27FF14FF0091AB27 /* Then */,
			);
			productName = "assignment-code";
			productReference = 98A14DCF27FF13F50091AB27 /* assignment-code.app */;
			productType = "com.apple.product-type.application";
		};
/* End PBXNativeTarget section */

/* Begin PBXProject section */
		98A14DC727FF13F50091AB27 /* Project object */ = {
			isa = PBXProject;
			attributes = {
				BuildIndependentTargetsInParallel = 1;
				LastSwiftUpdateCheck = 1330;
				LastUpgradeCheck = 1330;
				TargetAttributes = {
					98A14DCE27FF13F50091AB27 = {
						CreatedOnToolsVersion = 13.3;
					};
				};
			};
			buildConfigurationList = 98A14DCA27FF13F50091AB27 /* Build configuration list for PBXProject "assignment-code" */;
			compatibilityVersion = "Xcode 13.0";
			developmentRegion = en;
			hasScannedForEncodings = 0;
			knownRegions = (
				en,
				Base,
			);
			mainGroup = 98A14DC627FF13F50091AB27;
			packageReferences = (
				98A14DE727FF14F30091AB27 /* XCRemoteSwiftPackageReference "SnapKit" */,
				98A14DEA27FF14FF0091AB27 /* XCRemoteSwiftPackageReference "Then" */,
			);
			productRefGroup = 98A14DD027FF13F50091AB27 /* Products */;
			projectDirPath = "";
			projectRoot = "";
			targets = (
				98A14DCE27FF13F50091AB27 /* assignment-code */,
			);
		};
/* End PBXProject section */

/* Begin PBXResourcesBuildPhase section */
		98A14DCD27FF13F50091AB27 /* Resources */ = {
			isa = PBXResourcesBuildPhase;
			buildActionMask = 2147483647;
			files = (
				98A14DDF27FF13F60091AB27 /* LaunchScreen.storyboard in Resources */,
				98A14DDC27FF13F60091AB27 /* Assets.xcassets in Resources */,
			);
			runOnlyForDeploymentPostprocessing = 0;
		};
/* End PBXResourcesBuildPhase section */

/* Begin PBXSourcesBuildPhase section */
		98A14DCB27FF13F50091AB27 /* Sources */ = {
			isa = PBXSourcesBuildPhase;
			buildActionMask = 2147483647;
			files = (
				98A58EC227FF371F00B525D5 /* LoginViewController.swift in Sources */,
				98A14DD327FF13F50091AB27 /* AppDelegate.swift in Sources */,
				98A14DD527FF13F50091AB27 /* SceneDelegate.swift in Sources */,
				98A58EC827FF373700B525D5 /* WelcomeViewController.swift in Sources */,
				98A58EC627FF372E00B525D5 /* JoinPasswordViewController.swift in Sources */,
				98A58EC427FF372600B525D5 /* JoinNameViewController.swift in Sources */,
			);
			runOnlyForDeploymentPostprocessing = 0;
		};
/* End PBXSourcesBuildPhase section */

/* Begin PBXVariantGroup section */
		98A14DDD27FF13F60091AB27 /* LaunchScreen.storyboard */ = {
			isa = PBXVariantGroup;
			children = (
				98A14DDE27FF13F60091AB27 /* Base */,
			);
			name = LaunchScreen.storyboard;
			sourceTree = "<group>";
		};
/* End PBXVariantGroup section */

/* Begin XCBuildConfiguration section */
		98A14DE127FF13F60091AB27 /* Debug */ = {
			isa = XCBuildConfiguration;
			buildSettings = {
				ALWAYS_SEARCH_USER_PATHS = NO;
				CLANG_ANALYZER_NONNULL = YES;
				CLANG_ANALYZER_NUMBER_OBJECT_CONVERSION = YES_AGGRESSIVE;
				CLANG_CXX_LANGUAGE_STANDARD = "gnu++17";
				CLANG_ENABLE_MODULES = YES;
				CLANG_ENABLE_OBJC_ARC = YES;
				CLANG_ENABLE_OBJC_WEAK = YES;
				CLANG_WARN_BLOCK_CAPTURE_AUTORELEASING = YES;
				CLANG_WARN_BOOL_CONVERSION = YES;
				CLANG_WARN_COMMA = YES;
				CLANG_WARN_CONSTANT_CONVERSION = YES;
				CLANG_WARN_DEPRECATED_OBJC_IMPLEMENTATIONS = YES;
				CLANG_WARN_DIRECT_OBJC_ISA_USAGE = YES_ERROR;
				CLANG_WARN_DOCUMENTATION_COMMENTS = YES;
				CLANG_WARN_EMPTY_BODY = YES;
				CLANG_WARN_ENUM_CONVERSION = YES;
				CLANG_WARN_INFINITE_RECURSION = YES;
				CLANG_WARN_INT_CONVERSION = YES;
				CLANG_WARN_NON_LITERAL_NULL_CONVERSION = YES;
				CLANG_WARN_OBJC_IMPLICIT_RETAIN_SELF = YES;
				CLANG_WARN_OBJC_LITERAL_CONVERSION = YES;
				CLANG_WARN_OBJC_ROOT_CLASS = YES_ERROR;
				CLANG_WARN_QUOTED_INCLUDE_IN_FRAMEWORK_HEADER = YES;
				CLANG_WARN_RANGE_LOOP_ANALYSIS = YES;
				CLANG_WARN_STRICT_PROTOTYPES = YES;
				CLANG_WARN_SUSPICIOUS_MOVE = YES;
				CLANG_WARN_UNGUARDED_AVAILABILITY = YES_AGGRESSIVE;
				CLANG_WARN_UNREACHABLE_CODE = YES;
				CLANG_WARN__DUPLICATE_METHOD_MATCH = YES;
				COPY_PHASE_STRIP = NO;
				DEBUG_INFORMATION_FORMAT = dwarf;
				ENABLE_STRICT_OBJC_MSGSEND = YES;
				ENABLE_TESTABILITY = YES;
				GCC_C_LANGUAGE_STANDARD = gnu11;
				GCC_DYNAMIC_NO_PIC = NO;
				GCC_NO_COMMON_BLOCKS = YES;
				GCC_OPTIMIZATION_LEVEL = 0;
				GCC_PREPROCESSOR_DEFINITIONS = (
					"DEBUG=1",
					"$(inherited)",
				);
				GCC_WARN_64_TO_32_BIT_CONVERSION = YES;
				GCC_WARN_ABOUT_RETURN_TYPE = YES_ERROR;
				GCC_WARN_UNDECLARED_SELECTOR = YES;
				GCC_WARN_UNINITIALIZED_AUTOS = YES_AGGRESSIVE;
				GCC_WARN_UNUSED_FUNCTION = YES;
				GCC_WARN_UNUSED_VARIABLE = YES;
				IPHONEOS_DEPLOYMENT_TARGET = 15.4;
				MTL_ENABLE_DEBUG_INFO = INCLUDE_SOURCE;
				MTL_FAST_MATH = YES;
				ONLY_ACTIVE_ARCH = YES;
				SDKROOT = iphoneos;
				SWIFT_ACTIVE_COMPILATION_CONDITIONS = DEBUG;
				SWIFT_OPTIMIZATION_LEVEL = "-Onone";
			};
			name = Debug;
		};
		98A14DE227FF13F60091AB27 /* Release */ = {
			isa = XCBuildConfiguration;
			buildSettings = {
				ALWAYS_SEARCH_USER_PATHS = NO;
				CLANG_ANALYZER_NONNULL = YES;
				CLANG_ANALYZER_NUMBER_OBJECT_CONVERSION = YES_AGGRESSIVE;
				CLANG_CXX_LANGUAGE_STANDARD = "gnu++17";
				CLANG_ENABLE_MODULES = YES;
				CLANG_ENABLE_OBJC_ARC = YES;
				CLANG_ENABLE_OBJC_WEAK = YES;
				CLANG_WARN_BLOCK_CAPTURE_AUTORELEASING = YES;
				CLANG_WARN_BOOL_CONVERSION = YES;
				CLANG_WARN_COMMA = YES;
				CLANG_WARN_CONSTANT_CONVERSION = YES;
				CLANG_WARN_DEPRECATED_OBJC_IMPLEMENTATIONS = YES;
				CLANG_WARN_DIRECT_OBJC_ISA_USAGE = YES_ERROR;
				CLANG_WARN_DOCUMENTATION_COMMENTS = YES;
				CLANG_WARN_EMPTY_BODY = YES;
				CLANG_WARN_ENUM_CONVERSION = YES;
				CLANG_WARN_INFINITE_RECURSION = YES;
				CLANG_WARN_INT_CONVERSION = YES;
				CLANG_WARN_NON_LITERAL_NULL_CONVERSION = YES;
				CLANG_WARN_OBJC_IMPLICIT_RETAIN_SELF = YES;
				CLANG_WARN_OBJC_LITERAL_CONVERSION = YES;
				CLANG_WARN_OBJC_ROOT_CLASS = YES_ERROR;
				CLANG_WARN_QUOTED_INCLUDE_IN_FRAMEWORK_HEADER = YES;
				CLANG_WARN_RANGE_LOOP_ANALYSIS = YES;
				CLANG_WARN_STRICT_PROTOTYPES = YES;
				CLANG_WARN_SUSPICIOUS_MOVE = YES;
				CLANG_WARN_UNGUARDED_AVAILABILITY = YES_AGGRESSIVE;
				CLANG_WARN_UNREACHABLE_CODE = YES;
				CLANG_WARN__DUPLICATE_METHOD_MATCH = YES;
				COPY_PHASE_STRIP = NO;
				DEBUG_INFORMATION_FORMAT = "dwarf-with-dsym";
				ENABLE_NS_ASSERTIONS = NO;
				ENABLE_STRICT_OBJC_MSGSEND = YES;
				GCC_C_LANGUAGE_STANDARD = gnu11;
				GCC_NO_COMMON_BLOCKS = YES;
				GCC_WARN_64_TO_32_BIT_CONVERSION = YES;
				GCC_WARN_ABOUT_RETURN_TYPE = YES_ERROR;
				GCC_WARN_UNDECLARED_SELECTOR = YES;
				GCC_WARN_UNINITIALIZED_AUTOS = YES_AGGRESSIVE;
				GCC_WARN_UNUSED_FUNCTION = YES;
				GCC_WARN_UNUSED_VARIABLE = YES;
				IPHONEOS_DEPLOYMENT_TARGET = 15.4;
				MTL_ENABLE_DEBUG_INFO = NO;
				MTL_FAST_MATH = YES;
				SDKROOT = iphoneos;
				SWIFT_COMPILATION_MODE = wholemodule;
				SWIFT_OPTIMIZATION_LEVEL = "-O";
				VALIDATE_PRODUCT = YES;
			};
			name = Release;
		};
		98A14DE427FF13F60091AB27 /* Debug */ = {
			isa = XCBuildConfiguration;
			buildSettings = {
				ASSETCATALOG_COMPILER_APPICON_NAME = AppIcon;
				ASSETCATALOG_COMPILER_GLOBAL_ACCENT_COLOR_NAME = AccentColor;
				CODE_SIGN_STYLE = Automatic;
				CURRENT_PROJECT_VERSION = 1;
				DEVELOPMENT_TEAM = 8NF6HGMH4B;
				GENERATE_INFOPLIST_FILE = YES;
				INFOPLIST_FILE = "assignment-code/Info.plist";
				INFOPLIST_KEY_UIApplicationSupportsIndirectInputEvents = YES;
				INFOPLIST_KEY_UILaunchStoryboardName = LaunchScreen;
				INFOPLIST_KEY_UISupportedInterfaceOrientations_iPad = "UIInterfaceOrientationPortrait UIInterfaceOrientationPortraitUpsideDown UIInterfaceOrientationLandscapeLeft UIInterfaceOrientationLandscapeRight";
				INFOPLIST_KEY_UISupportedInterfaceOrientations_iPhone = "UIInterfaceOrientationPortrait UIInterfaceOrientationLandscapeLeft UIInterfaceOrientationLandscapeRight";
				LD_RUNPATH_SEARCH_PATHS = (
					"$(inherited)",
					"@executable_path/Frameworks",
				);
				MARKETING_VERSION = 1.0;
				PRODUCT_BUNDLE_IDENTIFIER = "meenyweeny.assignment-code";
				PRODUCT_NAME = "$(TARGET_NAME)";
				SWIFT_EMIT_LOC_STRINGS = YES;
				SWIFT_VERSION = 5.0;
				TARGETED_DEVICE_FAMILY = "1,2";
			};
			name = Debug;
		};
		98A14DE527FF13F60091AB27 /* Release */ = {
			isa = XCBuildConfiguration;
			buildSettings = {
				ASSETCATALOG_COMPILER_APPICON_NAME = AppIcon;
				ASSETCATALOG_COMPILER_GLOBAL_ACCENT_COLOR_NAME = AccentColor;
				CODE_SIGN_STYLE = Automatic;
				CURRENT_PROJECT_VERSION = 1;
				DEVELOPMENT_TEAM = 8NF6HGMH4B;
				GENERATE_INFOPLIST_FILE = YES;
				INFOPLIST_FILE = "assignment-code/Info.plist";
				INFOPLIST_KEY_UIApplicationSupportsIndirectInputEvents = YES;
				INFOPLIST_KEY_UILaunchStoryboardName = LaunchScreen;
				INFOPLIST_KEY_UISupportedInterfaceOrientations_iPad = "UIInterfaceOrientationPortrait UIInterfaceOrientationPortraitUpsideDown UIInterfaceOrientationLandscapeLeft UIInterfaceOrientationLandscapeRight";
				INFOPLIST_KEY_UISupportedInterfaceOrientations_iPhone = "UIInterfaceOrientationPortrait UIInterfaceOrientationLandscapeLeft UIInterfaceOrientationLandscapeRight";
				LD_RUNPATH_SEARCH_PATHS = (
					"$(inherited)",
					"@executable_path/Frameworks",
				);
				MARKETING_VERSION = 1.0;
				PRODUCT_BUNDLE_IDENTIFIER = "meenyweeny.assignment-code";
				PRODUCT_NAME = "$(TARGET_NAME)";
				SWIFT_EMIT_LOC_STRINGS = YES;
				SWIFT_VERSION = 5.0;
				TARGETED_DEVICE_FAMILY = "1,2";
			};
			name = Release;
		};
/* End XCBuildConfiguration section */

/* Begin XCConfigurationList section */
		98A14DCA27FF13F50091AB27 /* Build configuration list for PBXProject "assignment-code" */ = {
			isa = XCConfigurationList;
			buildConfigurations = (
				98A14DE127FF13F60091AB27 /* Debug */,
				98A14DE227FF13F60091AB27 /* Release */,
			);
			defaultConfigurationIsVisible = 0;
			defaultConfigurationName = Release;
		};
		98A14DE327FF13F60091AB27 /* Build configuration list for PBXNativeTarget "assignment-code" */ = {
			isa = XCConfigurationList;
			buildConfigurations = (
				98A14DE427FF13F60091AB27 /* Debug */,
				98A14DE527FF13F60091AB27 /* Release */,
			);
			defaultConfigurationIsVisible = 0;
			defaultConfigurationName = Release;
		};
/* End XCConfigurationList section */

/* Begin XCRemoteSwiftPackageReference section */
		98A14DE727FF14F30091AB27 /* XCRemoteSwiftPackageReference "SnapKit" */ = {
			isa = XCRemoteSwiftPackageReference;
			repositoryURL = "https://github.com/SnapKit/SnapKit";
			requirement = {
				kind = upToNextMajorVersion;
				minimumVersion = 5.0.0;
			};
		};
		98A14DEA27FF14FF0091AB27 /* XCRemoteSwiftPackageReference "Then" */ = {
			isa = XCRemoteSwiftPackageReference;
			repositoryURL = "https://github.com/devxoul/Then";
			requirement = {
				branch = master;
				kind = branch;
			};
		};
/* End XCRemoteSwiftPackageReference section */

/* Begin XCSwiftPackageProductDependency section */
		98A14DE827FF14F30091AB27 /* SnapKit */ = {
			isa = XCSwiftPackageProductDependency;
			package = 98A14DE727FF14F30091AB27 /* XCRemoteSwiftPackageReference "SnapKit" */;
			productName = SnapKit;
		};
		98A14DEB27FF14FF0091AB27 /* Then */ = {
			isa = XCSwiftPackageProductDependency;
			package = 98A14DEA27FF14FF0091AB27 /* XCRemoteSwiftPackageReference "Then" */;
			productName = Then;
		};
/* End XCSwiftPackageProductDependency section */
	};
	rootObject = 98A14DC727FF13F50091AB27 /* Project object */;
}
